// !$*UTF8*$!
{
	archiveVersion = 1;
	classes = {
	};
	objectVersion = 56;
	objects = {

/* Begin PBXBuildFile section */
		222142C0293601E600FBF557 /* Detail.storyboard in Resources */ = {isa = PBXBuildFile; fileRef = 222142BF293601E600FBF557 /* Detail.storyboard */; };
		222142C22936022000FBF557 /* FrameworkDetailViewController.swift in Sources */ = {isa = PBXBuildFile; fileRef = 222142C12936022000FBF557 /* FrameworkDetailViewController.swift */; };
		22A5EFAE292CA18B00AC9912 /* AppDelegate.swift in Sources */ = {isa = PBXBuildFile; fileRef = 22A5EFAD292CA18B00AC9912 /* AppDelegate.swift */; };
		22A5EFB0292CA18B00AC9912 /* SceneDelegate.swift in Sources */ = {isa = PBXBuildFile; fileRef = 22A5EFAF292CA18B00AC9912 /* SceneDelegate.swift */; };
		22A5EFB5292CA18B00AC9912 /* Main.storyboard in Resources */ = {isa = PBXBuildFile; fileRef = 22A5EFB3292CA18B00AC9912 /* Main.storyboard */; };
		22A5EFB7292CA18C00AC9912 /* Assets.xcassets in Resources */ = {isa = PBXBuildFile; fileRef = 22A5EFB6292CA18C00AC9912 /* Assets.xcassets */; };
		22A5EFBA292CA18C00AC9912 /* LaunchScreen.storyboard in Resources */ = {isa = PBXBuildFile; fileRef = 22A5EFB8292CA18C00AC9912 /* LaunchScreen.storyboard */; };
		22A5EFC5292CA18D00AC9912 /* AppleFrameworkTests.swift in Sources */ = {isa = PBXBuildFile; fileRef = 22A5EFC4292CA18D00AC9912 /* AppleFrameworkTests.swift */; };
		22A5EFCF292CA18D00AC9912 /* AppleFrameworkUITests.swift in Sources */ = {isa = PBXBuildFile; fileRef = 22A5EFCE292CA18D00AC9912 /* AppleFrameworkUITests.swift */; };
		22A5EFD1292CA18D00AC9912 /* AppleFrameworkUITestsLaunchTests.swift in Sources */ = {isa = PBXBuildFile; fileRef = 22A5EFD0292CA18D00AC9912 /* AppleFrameworkUITestsLaunchTests.swift */; };
		22A5EFDE292CA22600AC9912 /* FrameworkData.swift in Sources */ = {isa = PBXBuildFile; fileRef = 22A5EFDD292CA22600AC9912 /* FrameworkData.swift */; };
		22A5EFE0292CA2F100AC9912 /* FrameworkListViewController.swift in Sources */ = {isa = PBXBuildFile; fileRef = 22A5EFDF292CA2F100AC9912 /* FrameworkListViewController.swift */; };
		22A5EFE2292CA76C00AC9912 /* FrameworkCell.swift in Sources */ = {isa = PBXBuildFile; fileRef = 22A5EFE1292CA76C00AC9912 /* FrameworkCell.swift */; };
/* End PBXBuildFile section */

/* Begin PBXContainerItemProxy section */
		22A5EFC1292CA18D00AC9912 /* PBXContainerItemProxy */ = {
			isa = PBXContainerItemProxy;
			containerPortal = 22A5EFA2292CA18B00AC9912 /* Project object */;
			proxyType = 1;
			remoteGlobalIDString = 22A5EFA9292CA18B00AC9912;
			remoteInfo = AppleFramework;
		};
		22A5EFCB292CA18D00AC9912 /* PBXContainerItemProxy */ = {
			isa = PBXContainerItemProxy;
			containerPortal = 22A5EFA2292CA18B00AC9912 /* Project object */;
			proxyType = 1;
			remoteGlobalIDString = 22A5EFA9292CA18B00AC9912;
			remoteInfo = AppleFramework;
		};
/* End PBXContainerItemProxy section */

/* Begin PBXFileReference section */
		222142BF293601E600FBF557 /* Detail.storyboard */ = {isa = PBXFileReference; lastKnownFileType = file.storyboard; path = Detail.storyboard; sourceTree = "<group>"; };
		222142C12936022000FBF557 /* FrameworkDetailViewController.swift */ = {isa = PBXFileReference; lastKnownFileType = sourcecode.swift; path = FrameworkDetailViewController.swift; sourceTree = "<group>"; };
		22A5EFAA292CA18B00AC9912 /* AppleFramework.app */ = {isa = PBXFileReference; explicitFileType = wrapper.application; includeInIndex = 0; path = AppleFramework.app; sourceTree = BUILT_PRODUCTS_DIR; };
		22A5EFAD292CA18B00AC9912 /* AppDelegate.swift */ = {isa = PBXFileReference; lastKnownFileType = sourcecode.swift; path = AppDelegate.swift; sourceTree = "<group>"; };
		22A5EFAF292CA18B00AC9912 /* SceneDelegate.swift */ = {isa = PBXFileReference; lastKnownFileType = sourcecode.swift; path = SceneDelegate.swift; sourceTree = "<group>"; };
		22A5EFB4292CA18B00AC9912 /* Base */ = {isa = PBXFileReference; lastKnownFileType = file.storyboard; name = Base; path = Base.lproj/Main.storyboard; sourceTree = "<group>"; };
		22A5EFB6292CA18C00AC9912 /* Assets.xcassets */ = {isa = PBXFileReference; lastKnownFileType = folder.assetcatalog; path = Assets.xcassets; sourceTree = "<group>"; };
		22A5EFB9292CA18C00AC9912 /* Base */ = {isa = PBXFileReference; lastKnownFileType = file.storyboard; name = Base; path = Base.lproj/LaunchScreen.storyboard; sourceTree = "<group>"; };
		22A5EFBB292CA18C00AC9912 /* Info.plist */ = {isa = PBXFileReference; lastKnownFileType = text.plist.xml; path = Info.plist; sourceTree = "<group>"; };
		22A5EFC0292CA18D00AC9912 /* AppleFrameworkTests.xctest */ = {isa = PBXFileReference; explicitFileType = wrapper.cfbundle; includeInIndex = 0; path = AppleFrameworkTests.xctest; sourceTree = BUILT_PRODUCTS_DIR; };
		22A5EFC4292CA18D00AC9912 /* AppleFrameworkTests.swift */ = {isa = PBXFileReference; lastKnownFileType = sourcecode.swift; path = AppleFrameworkTests.swift; sourceTree = "<group>"; };
		22A5EFCA292CA18D00AC9912 /* AppleFrameworkUITests.xctest */ = {isa = PBXFileReference; explicitFileType = wrapper.cfbundle; includeInIndex = 0; path = AppleFrameworkUITests.xctest; sourceTree = BUILT_PRODUCTS_DIR; };
		22A5EFCE292CA18D00AC9912 /* AppleFrameworkUITests.swift */ = {isa = PBXFileReference; lastKnownFileType = sourcecode.swift; path = AppleFrameworkUITests.swift; sourceTree = "<group>"; };
		22A5EFD0292CA18D00AC9912 /* AppleFrameworkUITestsLaunchTests.swift */ = {isa = PBXFileReference; lastKnownFileType = sourcecode.swift; path = AppleFrameworkUITestsLaunchTests.swift; sourceTree = "<group>"; };
		22A5EFDD292CA22600AC9912 /* FrameworkData.swift */ = {isa = PBXFileReference; lastKnownFileType = sourcecode.swift; path = FrameworkData.swift; sourceTree = "<group>"; };
		22A5EFDF292CA2F100AC9912 /* FrameworkListViewController.swift */ = {isa = PBXFileReference; lastKnownFileType = sourcecode.swift; path = FrameworkListViewController.swift; sourceTree = "<group>"; };
		22A5EFE1292CA76C00AC9912 /* FrameworkCell.swift */ = {isa = PBXFileReference; lastKnownFileType = sourcecode.swift; path = FrameworkCell.swift; sourceTree = "<group>"; };
/* End PBXFileReference section */

/* Begin PBXFrameworksBuildPhase section */
		22A5EFA7292CA18B00AC9912 /* Frameworks */ = {
			isa = PBXFrameworksBuildPhase;
			buildActionMask = 2147483647;
			files = (
			);
			runOnlyForDeploymentPostprocessing = 0;
		};
		22A5EFBD292CA18D00AC9912 /* Frameworks */ = {
			isa = PBXFrameworksBuildPhase;
			buildActionMask = 2147483647;
			files = (
			);
			runOnlyForDeploymentPostprocessing = 0;
		};
		22A5EFC7292CA18D00AC9912 /* Frameworks */ = {
			isa = PBXFrameworksBuildPhase;
			buildActionMask = 2147483647;
			files = (
			);
			runOnlyForDeploymentPostprocessing = 0;
		};
/* End PBXFrameworksBuildPhase section */

/* Begin PBXGroup section */
		22A5EFA1292CA18B00AC9912 = {
			isa = PBXGroup;
			children = (
				22A5EFAC292CA18B00AC9912 /* AppleFramework */,
				22A5EFC3292CA18D00AC9912 /* AppleFrameworkTests */,
				22A5EFCD292CA18D00AC9912 /* AppleFrameworkUITests */,
				22A5EFAB292CA18B00AC9912 /* Products */,
			);
			sourceTree = "<group>";
		};
		22A5EFAB292CA18B00AC9912 /* Products */ = {
			isa = PBXGroup;
			children = (
				22A5EFAA292CA18B00AC9912 /* AppleFramework.app */,
				22A5EFC0292CA18D00AC9912 /* AppleFrameworkTests.xctest */,
				22A5EFCA292CA18D00AC9912 /* AppleFrameworkUITests.xctest */,
			);
			name = Products;
			sourceTree = "<group>";
		};
		22A5EFAC292CA18B00AC9912 /* AppleFramework */ = {
			isa = PBXGroup;
			children = (
				22A5EFAD292CA18B00AC9912 /* AppDelegate.swift */,
				22A5EFAF292CA18B00AC9912 /* SceneDelegate.swift */,
				22A5EFB3292CA18B00AC9912 /* Main.storyboard */,
				222142BF293601E600FBF557 /* Detail.storyboard */,
				222142C12936022000FBF557 /* FrameworkDetailViewController.swift */,
				22A5EFE1292CA76C00AC9912 /* FrameworkCell.swift */,
				22A5EFDF292CA2F100AC9912 /* FrameworkListViewController.swift */,
				22A5EFDD292CA22600AC9912 /* FrameworkData.swift */,
				22A5EFB6292CA18C00AC9912 /* Assets.xcassets */,
				22A5EFB8292CA18C00AC9912 /* LaunchScreen.storyboard */,
				22A5EFBB292CA18C00AC9912 /* Info.plist */,
			);
			path = AppleFramework;
			sourceTree = "<group>";
		};
		22A5EFC3292CA18D00AC9912 /* AppleFrameworkTests */ = {
			isa = PBXGroup;
			children = (
				22A5EFC4292CA18D00AC9912 /* AppleFrameworkTests.swift */,
			);
			path = AppleFrameworkTests;
			sourceTree = "<group>";
		};
		22A5EFCD292CA18D00AC9912 /* AppleFrameworkUITests */ = {
			isa = PBXGroup;
			children = (
				22A5EFCE292CA18D00AC9912 /* AppleFrameworkUITests.swift */,
				22A5EFD0292CA18D00AC9912 /* AppleFrameworkUITestsLaunchTests.swift */,
			);
			path = AppleFrameworkUITests;
			sourceTree = "<group>";
		};
/* End PBXGroup section */

/* Begin PBXNativeTarget section */
		22A5EFA9292CA18B00AC9912 /* AppleFramework */ = {
			isa = PBXNativeTarget;
			buildConfigurationList = 22A5EFD4292CA18D00AC9912 /* Build configuration list for PBXNativeTarget "AppleFramework" */;
			buildPhases = (
				22A5EFA6292CA18B00AC9912 /* Sources */,
				22A5EFA7292CA18B00AC9912 /* Frameworks */,
				22A5EFA8292CA18B00AC9912 /* Resources */,
			);
			buildRules = (
			);
			dependencies = (
			);
			name = AppleFramework;
			productName = AppleFramework;
			productReference = 22A5EFAA292CA18B00AC9912 /* AppleFramework.app */;
			productType = "com.apple.product-type.application";
		};
		22A5EFBF292CA18D00AC9912 /* AppleFrameworkTests */ = {
			isa = PBXNativeTarget;
			buildConfigurationList = 22A5EFD7292CA18D00AC9912 /* Build configuration list for PBXNativeTarget "AppleFrameworkTests" */;
			buildPhases = (
				22A5EFBC292CA18D00AC9912 /* Sources */,
				22A5EFBD292CA18D00AC9912 /* Frameworks */,
				22A5EFBE292CA18D00AC9912 /* Resources */,
			);
			buildRules = (
			);
			dependencies = (
				22A5EFC2292CA18D00AC9912 /* PBXTargetDependency */,
			);
			name = AppleFrameworkTests;
			productName = AppleFrameworkTests;
			productReference = 22A5EFC0292CA18D00AC9912 /* AppleFrameworkTests.xctest */;
			productType = "com.apple.product-type.bundle.unit-test";
		};
		22A5EFC9292CA18D00AC9912 /* AppleFrameworkUITests */ = {
			isa = PBXNativeTarget;
			buildConfigurationList = 22A5EFDA292CA18D00AC9912 /* Build configuration list for PBXNativeTarget "AppleFrameworkUITests" */;
			buildPhases = (
				22A5EFC6292CA18D00AC9912 /* Sources */,
				22A5EFC7292CA18D00AC9912 /* Frameworks */,
				22A5EFC8292CA18D00AC9912 /* Resources */,
			);
			buildRules = (
			);
			dependencies = (
				22A5EFCC292CA18D00AC9912 /* PBXTargetDependency */,
			);
			name = AppleFrameworkUITests;
			productName = AppleFrameworkUITests;
			productReference = 22A5EFCA292CA18D00AC9912 /* AppleFrameworkUITests.xctest */;
			productType = "com.apple.product-type.bundle.ui-testing";
		};
/* End PBXNativeTarget section */

/* Begin PBXProject section */
		22A5EFA2292CA18B00AC9912 /* Project object */ = {
			isa = PBXProject;
			attributes = {
				BuildIndependentTargetsInParallel = 1;
				LastSwiftUpdateCheck = 1410;
				LastUpgradeCheck = 1410;
				TargetAttributes = {
					22A5EFA9292CA18B00AC9912 = {
						CreatedOnToolsVersion = 14.1;
					};
					22A5EFBF292CA18D00AC9912 = {
						CreatedOnToolsVersion = 14.1;
						TestTargetID = 22A5EFA9292CA18B00AC9912;
					};
					22A5EFC9292CA18D00AC9912 = {
						CreatedOnToolsVersion = 14.1;
						TestTargetID = 22A5EFA9292CA18B00AC9912;
					};
				};
			};
			buildConfigurationList = 22A5EFA5292CA18B00AC9912 /* Build configuration list for PBXProject "AppleFramework" */;
			compatibilityVersion = "Xcode 14.0";
			developmentRegion = en;
			hasScannedForEncodings = 0;
			knownRegions = (
				en,
				Base,
			);
			mainGroup = 22A5EFA1292CA18B00AC9912;
			productRefGroup = 22A5EFAB292CA18B00AC9912 /* Products */;
			projectDirPath = "";
			projectRoot = "";
			targets = (
				22A5EFA9292CA18B00AC9912 /* AppleFramework */,
				22A5EFBF292CA18D00AC9912 /* AppleFrameworkTests */,
				22A5EFC9292CA18D00AC9912 /* AppleFrameworkUITests */,
			);
		};
/* End PBXProject section */

/* Begin PBXResourcesBuildPhase section */
		22A5EFA8292CA18B00AC9912 /* Resources */ = {
			isa = PBXResourcesBuildPhase;
			buildActionMask = 2147483647;
			files = (
				22A5EFBA292CA18C00AC9912 /* LaunchScreen.storyboard in Resources */,
				22A5EFB7292CA18C00AC9912 /* Assets.xcassets in Resources */,
				22A5EFB5292CA18B00AC9912 /* Main.storyboard in Resources */,
				222142C0293601E600FBF557 /* Detail.storyboard in Resources */,
			);
			runOnlyForDeploymentPostprocessing = 0;
		};
		22A5EFBE292CA18D00AC9912 /* Resources */ = {
			isa = PBXResourcesBuildPhase;
			buildActionMask = 2147483647;
			files = (
			);
			runOnlyForDeploymentPostprocessing = 0;
		};
		22A5EFC8292CA18D00AC9912 /* Resources */ = {
			isa = PBXResourcesBuildPhase;
			buildActionMask = 2147483647;
			files = (
			);
			runOnlyForDeploymentPostprocessing = 0;
		};
/* End PBXResourcesBuildPhase section */

/* Begin PBXSourcesBuildPhase section */
		22A5EFA6292CA18B00AC9912 /* Sources */ = {
			isa = PBXSourcesBuildPhase;
			buildActionMask = 2147483647;
			files = (
				22A5EFAE292CA18B00AC9912 /* AppDelegate.swift in Sources */,
				22A5EFDE292CA22600AC9912 /* FrameworkData.swift in Sources */,
				22A5EFB0292CA18B00AC9912 /* SceneDelegate.swift in Sources */,
				22A5EFE2292CA76C00AC9912 /* FrameworkCell.swift in Sources */,
				222142C22936022000FBF557 /* FrameworkDetailViewController.swift in Sources */,
				22A5EFE0292CA2F100AC9912 /* FrameworkListViewController.swift in Sources */,
			);
			runOnlyForDeploymentPostprocessing = 0;
		};
		22A5EFBC292CA18D00AC9912 /* Sources */ = {
			isa = PBXSourcesBuildPhase;
			buildActionMask = 2147483647;
			files = (
				22A5EFC5292CA18D00AC9912 /* AppleFrameworkTests.swift in Sources */,
			);
			runOnlyForDeploymentPostprocessing = 0;
		};
		22A5EFC6292CA18D00AC9912 /* Sources */ = {
			isa = PBXSourcesBuildPhase;
			buildActionMask = 2147483647;
			files = (
				22A5EFD1292CA18D00AC9912 /* AppleFrameworkUITestsLaunchTests.swift in Sources */,
				22A5EFCF292CA18D00AC9912 /* AppleFrameworkUITests.swift in Sources */,
			);
			runOnlyForDeploymentPostprocessing = 0;
		};
/* End PBXSourcesBuildPhase section */

/* Begin PBXTargetDependency section */
		22A5EFC2292CA18D00AC9912 /* PBXTargetDependency */ = {
			isa = PBXTargetDependency;
			target = 22A5EFA9292CA18B00AC9912 /* AppleFramework */;
			targetProxy = 22A5EFC1292CA18D00AC9912 /* PBXContainerItemProxy */;
		};
		22A5EFCC292CA18D00AC9912 /* PBXTargetDependency */ = {
			isa = PBXTargetDependency;
			target = 22A5EFA9292CA18B00AC9912 /* AppleFramework */;
			targetProxy = 22A5EFCB292CA18D00AC9912 /* PBXContainerItemProxy */;
		};
/* End PBXTargetDependency section */

/* Begin PBXVariantGroup section */
		22A5EFB3292CA18B00AC9912 /* Main.storyboard */ = {
			isa = PBXVariantGroup;
			children = (
				22A5EFB4292CA18B00AC9912 /* Base */,
			);
			name = Main.storyboard;
			sourceTree = "<group>";
		};
		22A5EFB8292CA18C00AC9912 /* LaunchScreen.storyboard */ = {
			isa = PBXVariantGroup;
			children = (
				22A5EFB9292CA18C00AC9912 /* Base */,
			);
			name = LaunchScreen.storyboard;
			sourceTree = "<group>";
		};
/* End PBXVariantGroup section */

/* Begin XCBuildConfiguration section */
		22A5EFD2292CA18D00AC9912 /* Debug */ = {
			isa = XCBuildConfiguration;
			buildSettings = {
				ALWAYS_SEARCH_USER_PATHS = NO;
				CLANG_ANALYZER_NONNULL = YES;
				CLANG_ANALYZER_NUMBER_OBJECT_CONVERSION = YES_AGGRESSIVE;
				CLANG_CXX_LANGUAGE_STANDARD = "gnu++20";
				CLANG_ENABLE_MODULES = YES;
				CLANG_ENABLE_OBJC_ARC = YES;
				CLANG_ENABLE_OBJC_WEAK = YES;
				CLANG_WARN_BLOCK_CAPTURE_AUTORELEASING = YES;
				CLANG_WARN_BOOL_CONVERSION = YES;
				CLANG_WARN_COMMA = YES;
				CLANG_WARN_CONSTANT_CONVERSION = YES;
				CLANG_WARN_DEPRECATED_OBJC_IMPLEMENTATIONS = YES;
				CLANG_WARN_DIRECT_OBJC_ISA_USAGE = YES_ERROR;
				CLANG_WARN_DOCUMENTATION_COMMENTS = YES;
				CLANG_WARN_EMPTY_BODY = YES;
				CLANG_WARN_ENUM_CONVERSION = YES;
				CLANG_WARN_INFINITE_RECURSION = YES;
				CLANG_WARN_INT_CONVERSION = YES;
				CLANG_WARN_NON_LITERAL_NULL_CONVERSION = YES;
				CLANG_WARN_OBJC_IMPLICIT_RETAIN_SELF = YES;
				CLANG_WARN_OBJC_LITERAL_CONVERSION = YES;
				CLANG_WARN_OBJC_ROOT_CLASS = YES_ERROR;
				CLANG_WARN_QUOTED_INCLUDE_IN_FRAMEWORK_HEADER = YES;
				CLANG_WARN_RANGE_LOOP_ANALYSIS = YES;
				CLANG_WARN_STRICT_PROTOTYPES = YES;
				CLANG_WARN_SUSPICIOUS_MOVE = YES;
				CLANG_WARN_UNGUARDED_AVAILABILITY = YES_AGGRESSIVE;
				CLANG_WARN_UNREACHABLE_CODE = YES;
				CLANG_WARN__DUPLICATE_METHOD_MATCH = YES;
				COPY_PHASE_STRIP = NO;
				DEBUG_INFORMATION_FORMAT = dwarf;
				ENABLE_STRICT_OBJC_MSGSEND = YES;
				ENABLE_TESTABILITY = YES;
				GCC_C_LANGUAGE_STANDARD = gnu11;
				GCC_DYNAMIC_NO_PIC = NO;
				GCC_NO_COMMON_BLOCKS = YES;
				GCC_OPTIMIZATION_LEVEL = 0;
				GCC_PREPROCESSOR_DEFINITIONS = (
					"DEBUG=1",
					"$(inherited)",
				);
				GCC_WARN_64_TO_32_BIT_CONVERSION = YES;
				GCC_WARN_ABOUT_RETURN_TYPE = YES_ERROR;
				GCC_WARN_UNDECLARED_SELECTOR = YES;
				GCC_WARN_UNINITIALIZED_AUTOS = YES_AGGRESSIVE;
				GCC_WARN_UNUSED_FUNCTION = YES;
				GCC_WARN_UNUSED_VARIABLE = YES;
				IPHONEOS_DEPLOYMENT_TARGET = 16.1;
				MTL_ENABLE_DEBUG_INFO = INCLUDE_SOURCE;
				MTL_FAST_MATH = YES;
				ONLY_ACTIVE_ARCH = YES;
				SDKROOT = iphoneos;
				SWIFT_ACTIVE_COMPILATION_CONDITIONS = DEBUG;
				SWIFT_OPTIMIZATION_LEVEL = "-Onone";
			};
			name = Debug;
		};
		22A5EFD3292CA18D00AC9912 /* Release */ = {
			isa = XCBuildConfiguration;
			buildSettings = {
				ALWAYS_SEARCH_USER_PATHS = NO;
				CLANG_ANALYZER_NONNULL = YES;
				CLANG_ANALYZER_NUMBER_OBJECT_CONVERSION = YES_AGGRESSIVE;
				CLANG_CXX_LANGUAGE_STANDARD = "gnu++20";
				CLANG_ENABLE_MODULES = YES;
				CLANG_ENABLE_OBJC_ARC = YES;
				CLANG_ENABLE_OBJC_WEAK = YES;
				CLANG_WARN_BLOCK_CAPTURE_AUTORELEASING = YES;
				CLANG_WARN_BOOL_CONVERSION = YES;
				CLANG_WARN_COMMA = YES;
				CLANG_WARN_CONSTANT_CONVERSION = YES;
				CLANG_WARN_DEPRECATED_OBJC_IMPLEMENTATIONS = YES;
				CLANG_WARN_DIRECT_OBJC_ISA_USAGE = YES_ERROR;
				CLANG_WARN_DOCUMENTATION_COMMENTS = YES;
				CLANG_WARN_EMPTY_BODY = YES;
				CLANG_WARN_ENUM_CONVERSION = YES;
				CLANG_WARN_INFINITE_RECURSION = YES;
				CLANG_WARN_INT_CONVERSION = YES;
				CLANG_WARN_NON_LITERAL_NULL_CONVERSION = YES;
				CLANG_WARN_OBJC_IMPLICIT_RETAIN_SELF = YES;
				CLANG_WARN_OBJC_LITERAL_CONVERSION = YES;
				CLANG_WARN_OBJC_ROOT_CLASS = YES_ERROR;
				CLANG_WARN_QUOTED_INCLUDE_IN_FRAMEWORK_HEADER = YES;
				CLANG_WARN_RANGE_LOOP_ANALYSIS = YES;
				CLANG_WARN_STRICT_PROTOTYPES = YES;
				CLANG_WARN_SUSPICIOUS_MOVE = YES;
				CLANG_WARN_UNGUARDED_AVAILABILITY = YES_AGGRESSIVE;
				CLANG_WARN_UNREACHABLE_CODE = YES;
				CLANG_WARN__DUPLICATE_METHOD_MATCH = YES;
				COPY_PHASE_STRIP = NO;
				DEBUG_INFORMATION_FORMAT = "dwarf-with-dsym";
				ENABLE_NS_ASSERTIONS = NO;
				ENABLE_STRICT_OBJC_MSGSEND = YES;
				GCC_C_LANGUAGE_STANDARD = gnu11;
				GCC_NO_COMMON_BLOCKS = YES;
				GCC_WARN_64_TO_32_BIT_CONVERSION = YES;
				GCC_WARN_ABOUT_RETURN_TYPE = YES_ERROR;
				GCC_WARN_UNDECLARED_SELECTOR = YES;
				GCC_WARN_UNINITIALIZED_AUTOS = YES_AGGRESSIVE;
				GCC_WARN_UNUSED_FUNCTION = YES;
				GCC_WARN_UNUSED_VARIABLE = YES;
				IPHONEOS_DEPLOYMENT_TARGET = 16.1;
				MTL_ENABLE_DEBUG_INFO = NO;
				MTL_FAST_MATH = YES;
				SDKROOT = iphoneos;
				SWIFT_COMPILATION_MODE = wholemodule;
				SWIFT_OPTIMIZATION_LEVEL = "-O";
				VALIDATE_PRODUCT = YES;
			};
			name = Release;
		};
		22A5EFD5292CA18D00AC9912 /* Debug */ = {
			isa = XCBuildConfiguration;
			buildSettings = {
				ASSETCATALOG_COMPILER_APPICON_NAME = AppIcon;
				ASSETCATALOG_COMPILER_GLOBAL_ACCENT_COLOR_NAME = AccentColor;
				CODE_SIGN_STYLE = Automatic;
				CURRENT_PROJECT_VERSION = 1;
				DEVELOPMENT_TEAM = 4B4GS7DA5N;
				GENERATE_INFOPLIST_FILE = YES;
				INFOPLIST_FILE = AppleFramework/Info.plist;
				INFOPLIST_KEY_UIApplicationSupportsIndirectInputEvents = YES;
				INFOPLIST_KEY_UILaunchStoryboardName = LaunchScreen;
				INFOPLIST_KEY_UIMainStoryboardFile = Main;
				INFOPLIST_KEY_UISupportedInterfaceOrientations_iPad = "UIInterfaceOrientationPortrait UIInterfaceOrientationPortraitUpsideDown UIInterfaceOrientationLandscapeLeft UIInterfaceOrientationLandscapeRight";
				INFOPLIST_KEY_UISupportedInterfaceOrientations_iPhone = "UIInterfaceOrientationPortrait UIInterfaceOrientationLandscapeLeft UIInterfaceOrientationLandscapeRight";
				LD_RUNPATH_SEARCH_PATHS = (
					"$(inherited)",
					"@executable_path/Frameworks",
				);
				MARKETING_VERSION = 1.0;
				PRODUCT_BUNDLE_IDENTIFIER = com.nowwan.AppleFramework;
				PRODUCT_NAME = "$(TARGET_NAME)";
				SWIFT_EMIT_LOC_STRINGS = YES;
				SWIFT_VERSION = 5.0;
				TARGETED_DEVICE_FAMILY = "1,2";
			};
			name = Debug;
		};
		22A5EFD6292CA18D00AC9912 /* Release */ = {
			isa = XCBuildConfiguration;
			buildSettings = {
				ASSETCATALOG_COMPILER_APPICON_NAME = AppIcon;
				ASSETCATALOG_COMPILER_GLOBAL_ACCENT_COLOR_NAME = AccentColor;
				CODE_SIGN_STYLE = Automatic;
				CURRENT_PROJECT_VERSION = 1;
				DEVELOPMENT_TEAM = 4B4GS7DA5N;
				GENERATE_INFOPLIST_FILE = YES;
				INFOPLIST_FILE = AppleFramework/Info.plist;
				INFOPLIST_KEY_UIApplicationSupportsIndirectInputEvents = YES;
				INFOPLIST_KEY_UILaunchStoryboardName = LaunchScreen;
				INFOPLIST_KEY_UIMainStoryboardFile = Main;
				INFOPLIST_KEY_UISupportedInterfaceOrientations_iPad = "UIInterfaceOrientationPortrait UIInterfaceOrientationPortraitUpsideDown UIInterfaceOrientationLandscapeLeft UIInterfaceOrientationLandscapeRight";
				INFOPLIST_KEY_UISupportedInterfaceOrientations_iPhone = "UIInterfaceOrientationPortrait UIInterfaceOrientationLandscapeLeft UIInterfaceOrientationLandscapeRight";
				LD_RUNPATH_SEARCH_PATHS = (
					"$(inherited)",
					"@executable_path/Frameworks",
				);
				MARKETING_VERSION = 1.0;
				PRODUCT_BUNDLE_IDENTIFIER = com.nowwan.AppleFramework;
				PRODUCT_NAME = "$(TARGET_NAME)";
				SWIFT_EMIT_LOC_STRINGS = YES;
				SWIFT_VERSION = 5.0;
				TARGETED_DEVICE_FAMILY = "1,2";
			};
			name = Release;
		};
		22A5EFD8292CA18D00AC9912 /* Debug */ = {
			isa = XCBuildConfiguration;
			buildSettings = {
				ALWAYS_EMBED_SWIFT_STANDARD_LIBRARIES = YES;
				BUNDLE_LOADER = "$(TEST_HOST)";
				CODE_SIGN_STYLE = Automatic;
				CURRENT_PROJECT_VERSION = 1;
				DEVELOPMENT_TEAM = 4B4GS7DA5N;
				GENERATE_INFOPLIST_FILE = YES;
				IPHONEOS_DEPLOYMENT_TARGET = 16.1;
				MARKETING_VERSION = 1.0;
				PRODUCT_BUNDLE_IDENTIFIER = com.nowwan.AppleFrameworkTests;
				PRODUCT_NAME = "$(TARGET_NAME)";
				SWIFT_EMIT_LOC_STRINGS = NO;
				SWIFT_VERSION = 5.0;
				TARGETED_DEVICE_FAMILY = "1,2";
				TEST_HOST = "$(BUILT_PRODUCTS_DIR)/AppleFramework.app/$(BUNDLE_EXECUTABLE_FOLDER_PATH)/AppleFramework";
			};
			name = Debug;
		};
		22A5EFD9292CA18D00AC9912 /* Release */ = {
			isa = XCBuildConfiguration;
			buildSettings = {
				ALWAYS_EMBED_SWIFT_STANDARD_LIBRARIES = YES;
				BUNDLE_LOADER = "$(TEST_HOST)";
				CODE_SIGN_STYLE = Automatic;
				CURRENT_PROJECT_VERSION = 1;
				DEVELOPMENT_TEAM = 4B4GS7DA5N;
				GENERATE_INFOPLIST_FILE = YES;
				IPHONEOS_DEPLOYMENT_TARGET = 16.1;
				MARKETING_VERSION = 1.0;
				PRODUCT_BUNDLE_IDENTIFIER = com.nowwan.AppleFrameworkTests;
				PRODUCT_NAME = "$(TARGET_NAME)";
				SWIFT_EMIT_LOC_STRINGS = NO;
				SWIFT_VERSION = 5.0;
				TARGETED_DEVICE_FAMILY = "1,2";
				TEST_HOST = "$(BUILT_PRODUCTS_DIR)/AppleFramework.app/$(BUNDLE_EXECUTABLE_FOLDER_PATH)/AppleFramework";
			};
			name = Release;
		};
		22A5EFDB292CA18D00AC9912 /* Debug */ = {
			isa = XCBuildConfiguration;
			buildSettings = {
				ALWAYS_EMBED_SWIFT_STANDARD_LIBRARIES = YES;
				CODE_SIGN_STYLE = Automatic;
				CURRENT_PROJECT_VERSION = 1;
				DEVELOPMENT_TEAM = 4B4GS7DA5N;
				GENERATE_INFOPLIST_FILE = YES;
				MARKETING_VERSION = 1.0;
				PRODUCT_BUNDLE_IDENTIFIER = com.nowwan.AppleFrameworkUITests;
				PRODUCT_NAME = "$(TARGET_NAME)";
				SWIFT_EMIT_LOC_STRINGS = NO;
				SWIFT_VERSION = 5.0;
				TARGETED_DEVICE_FAMILY = "1,2";
				TEST_TARGET_NAME = AppleFramework;
			};
			name = Debug;
		};
		22A5EFDC292CA18D00AC9912 /* Release */ = {
			isa = XCBuildConfiguration;
			buildSettings = {
				ALWAYS_EMBED_SWIFT_STANDARD_LIBRARIES = YES;
				CODE_SIGN_STYLE = Automatic;
				CURRENT_PROJECT_VERSION = 1;
				DEVELOPMENT_TEAM = 4B4GS7DA5N;
				GENERATE_INFOPLIST_FILE = YES;
				MARKETING_VERSION = 1.0;
				PRODUCT_BUNDLE_IDENTIFIER = com.nowwan.AppleFrameworkUITests;
				PRODUCT_NAME = "$(TARGET_NAME)";
				SWIFT_EMIT_LOC_STRINGS = NO;
				SWIFT_VERSION = 5.0;
				TARGETED_DEVICE_FAMILY = "1,2";
				TEST_TARGET_NAME = AppleFramework;
			};
			name = Release;
		};
/* End XCBuildConfiguration section */

/* Begin XCConfigurationList section */
		22A5EFA5292CA18B00AC9912 /* Build configuration list for PBXProject "AppleFramework" */ = {
			isa = XCConfigurationList;
			buildConfigurations = (
				22A5EFD2292CA18D00AC9912 /* Debug */,
				22A5EFD3292CA18D00AC9912 /* Release */,
			);
			defaultConfigurationIsVisible = 0;
			defaultConfigurationName = Release;
		};
		22A5EFD4292CA18D00AC9912 /* Build configuration list for PBXNativeTarget "AppleFramework" */ = {
			isa = XCConfigurationList;
			buildConfigurations = (
				22A5EFD5292CA18D00AC9912 /* Debug */,
				22A5EFD6292CA18D00AC9912 /* Release */,
			);
			defaultConfigurationIsVisible = 0;
			defaultConfigurationName = Release;
		};
		22A5EFD7292CA18D00AC9912 /* Build configuration list for PBXNativeTarget "AppleFrameworkTests" */ = {
			isa = XCConfigurationList;
			buildConfigurations = (
				22A5EFD8292CA18D00AC9912 /* Debug */,
				22A5EFD9292CA18D00AC9912 /* Release */,
			);
			defaultConfigurationIsVisible = 0;
			defaultConfigurationName = Release;
		};
		22A5EFDA292CA18D00AC9912 /* Build configuration list for PBXNativeTarget "AppleFrameworkUITests" */ = {
			isa = XCConfigurationList;
			buildConfigurations = (
				22A5EFDB292CA18D00AC9912 /* Debug */,
				22A5EFDC292CA18D00AC9912 /* Release */,
			);
			defaultConfigurationIsVisible = 0;
			defaultConfigurationName = Release;
		};
/* End XCConfigurationList section */
	};
	rootObject = 22A5EFA2292CA18B00AC9912 /* Project object */;
}
