// !$*UTF8*$!
{
	archiveVersion = 1;
	classes = {
	};
	objectVersion = 56;
	objects = {

/* Begin PBXBuildFile section */
		22C0E5C629587DBF00CC77C8 /* AppDelegate.swift in Sources */ = {isa = PBXBuildFile; fileRef = 22C0E5C529587DBF00CC77C8 /* AppDelegate.swift */; };
		22C0E5C829587DBF00CC77C8 /* SceneDelegate.swift in Sources */ = {isa = PBXBuildFile; fileRef = 22C0E5C729587DBF00CC77C8 /* SceneDelegate.swift */; };
		22C0E5CA29587DBF00CC77C8 /* ViewController.swift in Sources */ = {isa = PBXBuildFile; fileRef = 22C0E5C929587DBF00CC77C8 /* ViewController.swift */; };
		22C0E5CD29587DBF00CC77C8 /* Main.storyboard in Resources */ = {isa = PBXBuildFile; fileRef = 22C0E5CB29587DBF00CC77C8 /* Main.storyboard */; };
		22C0E5CF29587DBF00CC77C8 /* Assets.xcassets in Resources */ = {isa = PBXBuildFile; fileRef = 22C0E5CE29587DBF00CC77C8 /* Assets.xcassets */; };
		22C0E5D229587DBF00CC77C8 /* LaunchScreen.storyboard in Resources */ = {isa = PBXBuildFile; fileRef = 22C0E5D029587DBF00CC77C8 /* LaunchScreen.storyboard */; };
		22C0E5DD29587DC000CC77C8 /* GithubUserProfileTests.swift in Sources */ = {isa = PBXBuildFile; fileRef = 22C0E5DC29587DC000CC77C8 /* GithubUserProfileTests.swift */; };
		22C0E5E729587DC000CC77C8 /* GithubUserProfileUITests.swift in Sources */ = {isa = PBXBuildFile; fileRef = 22C0E5E629587DC000CC77C8 /* GithubUserProfileUITests.swift */; };
		22C0E5E929587DC000CC77C8 /* GithubUserProfileUITestsLaunchTests.swift in Sources */ = {isa = PBXBuildFile; fileRef = 22C0E5E829587DC000CC77C8 /* GithubUserProfileUITestsLaunchTests.swift */; };
		22C0E5F62959ED2000CC77C8 /* UserProfile.swift in Sources */ = {isa = PBXBuildFile; fileRef = 22C0E5F52959ED2000CC77C8 /* UserProfile.swift */; };
		22C0E5F829607B2B00CC77C8 /* NetworkService.swift in Sources */ = {isa = PBXBuildFile; fileRef = 22C0E5F729607B2B00CC77C8 /* NetworkService.swift */; };
		22C0E5FA2962DD4C00CC77C8 /* Resource.swift in Sources */ = {isa = PBXBuildFile; fileRef = 22C0E5F92962DD4C00CC77C8 /* Resource.swift */; };
		22C0E5FC2966F6F200CC77C8 /* Publisher+Utils.swift in Sources */ = {isa = PBXBuildFile; fileRef = 22C0E5FB2966F6F200CC77C8 /* Publisher+Utils.swift */; };
/* End PBXBuildFile section */

/* Begin PBXContainerItemProxy section */
		22C0E5D929587DC000CC77C8 /* PBXContainerItemProxy */ = {
			isa = PBXContainerItemProxy;
			containerPortal = 22C0E5BA29587DBF00CC77C8 /* Project object */;
			proxyType = 1;
			remoteGlobalIDString = 22C0E5C129587DBF00CC77C8;
			remoteInfo = GithubUserProfile;
		};
		22C0E5E329587DC000CC77C8 /* PBXContainerItemProxy */ = {
			isa = PBXContainerItemProxy;
			containerPortal = 22C0E5BA29587DBF00CC77C8 /* Project object */;
			proxyType = 1;
			remoteGlobalIDString = 22C0E5C129587DBF00CC77C8;
			remoteInfo = GithubUserProfile;
		};
/* End PBXContainerItemProxy section */

/* Begin PBXFileReference section */
		22C0E5C229587DBF00CC77C8 /* GithubUserProfile.app */ = {isa = PBXFileReference; explicitFileType = wrapper.application; includeInIndex = 0; path = GithubUserProfile.app; sourceTree = BUILT_PRODUCTS_DIR; };
		22C0E5C529587DBF00CC77C8 /* AppDelegate.swift */ = {isa = PBXFileReference; lastKnownFileType = sourcecode.swift; path = AppDelegate.swift; sourceTree = "<group>"; };
		22C0E5C729587DBF00CC77C8 /* SceneDelegate.swift */ = {isa = PBXFileReference; lastKnownFileType = sourcecode.swift; path = SceneDelegate.swift; sourceTree = "<group>"; };
		22C0E5C929587DBF00CC77C8 /* ViewController.swift */ = {isa = PBXFileReference; lastKnownFileType = sourcecode.swift; path = ViewController.swift; sourceTree = "<group>"; };
		22C0E5CC29587DBF00CC77C8 /* Base */ = {isa = PBXFileReference; lastKnownFileType = file.storyboard; name = Base; path = Base.lproj/Main.storyboard; sourceTree = "<group>"; };
		22C0E5CE29587DBF00CC77C8 /* Assets.xcassets */ = {isa = PBXFileReference; lastKnownFileType = folder.assetcatalog; path = Assets.xcassets; sourceTree = "<group>"; };
		22C0E5D129587DBF00CC77C8 /* Base */ = {isa = PBXFileReference; lastKnownFileType = file.storyboard; name = Base; path = Base.lproj/LaunchScreen.storyboard; sourceTree = "<group>"; };
		22C0E5D329587DBF00CC77C8 /* Info.plist */ = {isa = PBXFileReference; lastKnownFileType = text.plist.xml; path = Info.plist; sourceTree = "<group>"; };
		22C0E5D829587DC000CC77C8 /* GithubUserProfileTests.xctest */ = {isa = PBXFileReference; explicitFileType = wrapper.cfbundle; includeInIndex = 0; path = GithubUserProfileTests.xctest; sourceTree = BUILT_PRODUCTS_DIR; };
		22C0E5DC29587DC000CC77C8 /* GithubUserProfileTests.swift */ = {isa = PBXFileReference; lastKnownFileType = sourcecode.swift; path = GithubUserProfileTests.swift; sourceTree = "<group>"; };
		22C0E5E229587DC000CC77C8 /* GithubUserProfileUITests.xctest */ = {isa = PBXFileReference; explicitFileType = wrapper.cfbundle; includeInIndex = 0; path = GithubUserProfileUITests.xctest; sourceTree = BUILT_PRODUCTS_DIR; };
		22C0E5E629587DC000CC77C8 /* GithubUserProfileUITests.swift */ = {isa = PBXFileReference; lastKnownFileType = sourcecode.swift; path = GithubUserProfileUITests.swift; sourceTree = "<group>"; };
		22C0E5E829587DC000CC77C8 /* GithubUserProfileUITestsLaunchTests.swift */ = {isa = PBXFileReference; lastKnownFileType = sourcecode.swift; path = GithubUserProfileUITestsLaunchTests.swift; sourceTree = "<group>"; };
		22C0E5F52959ED2000CC77C8 /* UserProfile.swift */ = {isa = PBXFileReference; lastKnownFileType = sourcecode.swift; name = UserProfile.swift; path = Model/UserProfile.swift; sourceTree = "<group>"; };
		22C0E5F729607B2B00CC77C8 /* NetworkService.swift */ = {isa = PBXFileReference; lastKnownFileType = sourcecode.swift; name = NetworkService.swift; path = Network/NetworkService.swift; sourceTree = "<group>"; };
		22C0E5F92962DD4C00CC77C8 /* Resource.swift */ = {isa = PBXFileReference; lastKnownFileType = sourcecode.swift; name = Resource.swift; path = Network/Resource.swift; sourceTree = "<group>"; };
		22C0E5FB2966F6F200CC77C8 /* Publisher+Utils.swift */ = {isa = PBXFileReference; lastKnownFileType = sourcecode.swift; name = "Publisher+Utils.swift"; path = "Utils/Publisher+Utils.swift"; sourceTree = "<group>"; };
/* End PBXFileReference section */

/* Begin PBXFrameworksBuildPhase section */
		22C0E5BF29587DBF00CC77C8 /* Frameworks */ = {
			isa = PBXFrameworksBuildPhase;
			buildActionMask = 2147483647;
			files = (
			);
			runOnlyForDeploymentPostprocessing = 0;
		};
		22C0E5D529587DC000CC77C8 /* Frameworks */ = {
			isa = PBXFrameworksBuildPhase;
			buildActionMask = 2147483647;
			files = (
			);
			runOnlyForDeploymentPostprocessing = 0;
		};
		22C0E5DF29587DC000CC77C8 /* Frameworks */ = {
			isa = PBXFrameworksBuildPhase;
			buildActionMask = 2147483647;
			files = (
			);
			runOnlyForDeploymentPostprocessing = 0;
		};
/* End PBXFrameworksBuildPhase section */

/* Begin PBXGroup section */
		22C0E5B929587DBF00CC77C8 = {
			isa = PBXGroup;
			children = (
				22C0E5C429587DBF00CC77C8 /* GithubUserProfile */,
				22C0E5DB29587DC000CC77C8 /* GithubUserProfileTests */,
				22C0E5E529587DC000CC77C8 /* GithubUserProfileUITests */,
				22C0E5C329587DBF00CC77C8 /* Products */,
			);
			sourceTree = "<group>";
		};
		22C0E5C329587DBF00CC77C8 /* Products */ = {
			isa = PBXGroup;
			children = (
				22C0E5C229587DBF00CC77C8 /* GithubUserProfile.app */,
				22C0E5D829587DC000CC77C8 /* GithubUserProfileTests.xctest */,
				22C0E5E229587DC000CC77C8 /* GithubUserProfileUITests.xctest */,
			);
			name = Products;
			sourceTree = "<group>";
		};
		22C0E5C429587DBF00CC77C8 /* GithubUserProfile */ = {
			isa = PBXGroup;
			children = (
				22C0E5C529587DBF00CC77C8 /* AppDelegate.swift */,
				22C0E5C729587DBF00CC77C8 /* SceneDelegate.swift */,
				22C0E5C929587DBF00CC77C8 /* ViewController.swift */,
				22C0E5CB29587DBF00CC77C8 /* Main.storyboard */,
				22C0E5F52959ED2000CC77C8 /* UserProfile.swift */,
				22C0E5FB2966F6F200CC77C8 /* Publisher+Utils.swift */,
				22C0E5F92962DD4C00CC77C8 /* Resource.swift */,
				22C0E5F729607B2B00CC77C8 /* NetworkService.swift */,
				22C0E5CE29587DBF00CC77C8 /* Assets.xcassets */,
				22C0E5D029587DBF00CC77C8 /* LaunchScreen.storyboard */,
				22C0E5D329587DBF00CC77C8 /* Info.plist */,
			);
			path = GithubUserProfile;
			sourceTree = "<group>";
		};
		22C0E5DB29587DC000CC77C8 /* GithubUserProfileTests */ = {
			isa = PBXGroup;
			children = (
				22C0E5DC29587DC000CC77C8 /* GithubUserProfileTests.swift */,
			);
			path = GithubUserProfileTests;
			sourceTree = "<group>";
		};
		22C0E5E529587DC000CC77C8 /* GithubUserProfileUITests */ = {
			isa = PBXGroup;
			children = (
				22C0E5E629587DC000CC77C8 /* GithubUserProfileUITests.swift */,
				22C0E5E829587DC000CC77C8 /* GithubUserProfileUITestsLaunchTests.swift */,
			);
			path = GithubUserProfileUITests;
			sourceTree = "<group>";
		};
/* End PBXGroup section */

/* Begin PBXNativeTarget section */
		22C0E5C129587DBF00CC77C8 /* GithubUserProfile */ = {
			isa = PBXNativeTarget;
			buildConfigurationList = 22C0E5EC29587DC000CC77C8 /* Build configuration list for PBXNativeTarget "GithubUserProfile" */;
			buildPhases = (
				22C0E5BE29587DBF00CC77C8 /* Sources */,
				22C0E5BF29587DBF00CC77C8 /* Frameworks */,
				22C0E5C029587DBF00CC77C8 /* Resources */,
			);
			buildRules = (
			);
			dependencies = (
			);
			name = GithubUserProfile;
			productName = GithubUserProfile;
			productReference = 22C0E5C229587DBF00CC77C8 /* GithubUserProfile.app */;
			productType = "com.apple.product-type.application";
		};
		22C0E5D729587DC000CC77C8 /* GithubUserProfileTests */ = {
			isa = PBXNativeTarget;
			buildConfigurationList = 22C0E5EF29587DC000CC77C8 /* Build configuration list for PBXNativeTarget "GithubUserProfileTests" */;
			buildPhases = (
				22C0E5D429587DC000CC77C8 /* Sources */,
				22C0E5D529587DC000CC77C8 /* Frameworks */,
				22C0E5D629587DC000CC77C8 /* Resources */,
			);
			buildRules = (
			);
			dependencies = (
				22C0E5DA29587DC000CC77C8 /* PBXTargetDependency */,
			);
			name = GithubUserProfileTests;
			productName = GithubUserProfileTests;
			productReference = 22C0E5D829587DC000CC77C8 /* GithubUserProfileTests.xctest */;
			productType = "com.apple.product-type.bundle.unit-test";
		};
		22C0E5E129587DC000CC77C8 /* GithubUserProfileUITests */ = {
			isa = PBXNativeTarget;
			buildConfigurationList = 22C0E5F229587DC000CC77C8 /* Build configuration list for PBXNativeTarget "GithubUserProfileUITests" */;
			buildPhases = (
				22C0E5DE29587DC000CC77C8 /* Sources */,
				22C0E5DF29587DC000CC77C8 /* Frameworks */,
				22C0E5E029587DC000CC77C8 /* Resources */,
			);
			buildRules = (
			);
			dependencies = (
				22C0E5E429587DC000CC77C8 /* PBXTargetDependency */,
			);
			name = GithubUserProfileUITests;
			productName = GithubUserProfileUITests;
			productReference = 22C0E5E229587DC000CC77C8 /* GithubUserProfileUITests.xctest */;
			productType = "com.apple.product-type.bundle.ui-testing";
		};
/* End PBXNativeTarget section */

/* Begin PBXProject section */
		22C0E5BA29587DBF00CC77C8 /* Project object */ = {
			isa = PBXProject;
			attributes = {
				BuildIndependentTargetsInParallel = 1;
				LastSwiftUpdateCheck = 1420;
				LastUpgradeCheck = 1420;
				TargetAttributes = {
					22C0E5C129587DBF00CC77C8 = {
						CreatedOnToolsVersion = 14.2;
					};
					22C0E5D729587DC000CC77C8 = {
						CreatedOnToolsVersion = 14.2;
						TestTargetID = 22C0E5C129587DBF00CC77C8;
					};
					22C0E5E129587DC000CC77C8 = {
						CreatedOnToolsVersion = 14.2;
						TestTargetID = 22C0E5C129587DBF00CC77C8;
					};
				};
			};
			buildConfigurationList = 22C0E5BD29587DBF00CC77C8 /* Build configuration list for PBXProject "GithubUserProfile" */;
			compatibilityVersion = "Xcode 14.0";
			developmentRegion = en;
			hasScannedForEncodings = 0;
			knownRegions = (
				en,
				Base,
			);
			mainGroup = 22C0E5B929587DBF00CC77C8;
			productRefGroup = 22C0E5C329587DBF00CC77C8 /* Products */;
			projectDirPath = "";
			projectRoot = "";
			targets = (
				22C0E5C129587DBF00CC77C8 /* GithubUserProfile */,
				22C0E5D729587DC000CC77C8 /* GithubUserProfileTests */,
				22C0E5E129587DC000CC77C8 /* GithubUserProfileUITests */,
			);
		};
/* End PBXProject section */

/* Begin PBXResourcesBuildPhase section */
		22C0E5C029587DBF00CC77C8 /* Resources */ = {
			isa = PBXResourcesBuildPhase;
			buildActionMask = 2147483647;
			files = (
				22C0E5D229587DBF00CC77C8 /* LaunchScreen.storyboard in Resources */,
				22C0E5CF29587DBF00CC77C8 /* Assets.xcassets in Resources */,
				22C0E5CD29587DBF00CC77C8 /* Main.storyboard in Resources */,
			);
			runOnlyForDeploymentPostprocessing = 0;
		};
		22C0E5D629587DC000CC77C8 /* Resources */ = {
			isa = PBXResourcesBuildPhase;
			buildActionMask = 2147483647;
			files = (
			);
			runOnlyForDeploymentPostprocessing = 0;
		};
		22C0E5E029587DC000CC77C8 /* Resources */ = {
			isa = PBXResourcesBuildPhase;
			buildActionMask = 2147483647;
			files = (
			);
			runOnlyForDeploymentPostprocessing = 0;
		};
/* End PBXResourcesBuildPhase section */

/* Begin PBXSourcesBuildPhase section */
		22C0E5BE29587DBF00CC77C8 /* Sources */ = {
			isa = PBXSourcesBuildPhase;
			buildActionMask = 2147483647;
			files = (
				22C0E5F829607B2B00CC77C8 /* NetworkService.swift in Sources */,
				22C0E5F62959ED2000CC77C8 /* UserProfile.swift in Sources */,
				22C0E5CA29587DBF00CC77C8 /* ViewController.swift in Sources */,
				22C0E5FA2962DD4C00CC77C8 /* Resource.swift in Sources */,
				22C0E5FC2966F6F200CC77C8 /* Publisher+Utils.swift in Sources */,
				22C0E5C629587DBF00CC77C8 /* AppDelegate.swift in Sources */,
				22C0E5C829587DBF00CC77C8 /* SceneDelegate.swift in Sources */,
			);
			runOnlyForDeploymentPostprocessing = 0;
		};
		22C0E5D429587DC000CC77C8 /* Sources */ = {
			isa = PBXSourcesBuildPhase;
			buildActionMask = 2147483647;
			files = (
				22C0E5DD29587DC000CC77C8 /* GithubUserProfileTests.swift in Sources */,
			);
			runOnlyForDeploymentPostprocessing = 0;
		};
		22C0E5DE29587DC000CC77C8 /* Sources */ = {
			isa = PBXSourcesBuildPhase;
			buildActionMask = 2147483647;
			files = (
				22C0E5E929587DC000CC77C8 /* GithubUserProfileUITestsLaunchTests.swift in Sources */,
				22C0E5E729587DC000CC77C8 /* GithubUserProfileUITests.swift in Sources */,
			);
			runOnlyForDeploymentPostprocessing = 0;
		};
/* End PBXSourcesBuildPhase section */

/* Begin PBXTargetDependency section */
		22C0E5DA29587DC000CC77C8 /* PBXTargetDependency */ = {
			isa = PBXTargetDependency;
			target = 22C0E5C129587DBF00CC77C8 /* GithubUserProfile */;
			targetProxy = 22C0E5D929587DC000CC77C8 /* PBXContainerItemProxy */;
		};
		22C0E5E429587DC000CC77C8 /* PBXTargetDependency */ = {
			isa = PBXTargetDependency;
			target = 22C0E5C129587DBF00CC77C8 /* GithubUserProfile */;
			targetProxy = 22C0E5E329587DC000CC77C8 /* PBXContainerItemProxy */;
		};
/* End PBXTargetDependency section */

/* Begin PBXVariantGroup section */
		22C0E5CB29587DBF00CC77C8 /* Main.storyboard */ = {
			isa = PBXVariantGroup;
			children = (
				22C0E5CC29587DBF00CC77C8 /* Base */,
			);
			name = Main.storyboard;
			sourceTree = "<group>";
		};
		22C0E5D029587DBF00CC77C8 /* LaunchScreen.storyboard */ = {
			isa = PBXVariantGroup;
			children = (
				22C0E5D129587DBF00CC77C8 /* Base */,
			);
			name = LaunchScreen.storyboard;
			sourceTree = "<group>";
		};
/* End PBXVariantGroup section */

/* Begin XCBuildConfiguration section */
		22C0E5EA29587DC000CC77C8 /* Debug */ = {
			isa = XCBuildConfiguration;
			buildSettings = {
				ALWAYS_SEARCH_USER_PATHS = NO;
				CLANG_ANALYZER_NONNULL = YES;
				CLANG_ANALYZER_NUMBER_OBJECT_CONVERSION = YES_AGGRESSIVE;
				CLANG_CXX_LANGUAGE_STANDARD = "gnu++20";
				CLANG_ENABLE_MODULES = YES;
				CLANG_ENABLE_OBJC_ARC = YES;
				CLANG_ENABLE_OBJC_WEAK = YES;
				CLANG_WARN_BLOCK_CAPTURE_AUTORELEASING = YES;
				CLANG_WARN_BOOL_CONVERSION = YES;
				CLANG_WARN_COMMA = YES;
				CLANG_WARN_CONSTANT_CONVERSION = YES;
				CLANG_WARN_DEPRECATED_OBJC_IMPLEMENTATIONS = YES;
				CLANG_WARN_DIRECT_OBJC_ISA_USAGE = YES_ERROR;
				CLANG_WARN_DOCUMENTATION_COMMENTS = YES;
				CLANG_WARN_EMPTY_BODY = YES;
				CLANG_WARN_ENUM_CONVERSION = YES;
				CLANG_WARN_INFINITE_RECURSION = YES;
				CLANG_WARN_INT_CONVERSION = YES;
				CLANG_WARN_NON_LITERAL_NULL_CONVERSION = YES;
				CLANG_WARN_OBJC_IMPLICIT_RETAIN_SELF = YES;
				CLANG_WARN_OBJC_LITERAL_CONVERSION = YES;
				CLANG_WARN_OBJC_ROOT_CLASS = YES_ERROR;
				CLANG_WARN_QUOTED_INCLUDE_IN_FRAMEWORK_HEADER = YES;
				CLANG_WARN_RANGE_LOOP_ANALYSIS = YES;
				CLANG_WARN_STRICT_PROTOTYPES = YES;
				CLANG_WARN_SUSPICIOUS_MOVE = YES;
				CLANG_WARN_UNGUARDED_AVAILABILITY = YES_AGGRESSIVE;
				CLANG_WARN_UNREACHABLE_CODE = YES;
				CLANG_WARN__DUPLICATE_METHOD_MATCH = YES;
				COPY_PHASE_STRIP = NO;
				DEBUG_INFORMATION_FORMAT = dwarf;
				ENABLE_STRICT_OBJC_MSGSEND = YES;
				ENABLE_TESTABILITY = YES;
				GCC_C_LANGUAGE_STANDARD = gnu11;
				GCC_DYNAMIC_NO_PIC = NO;
				GCC_NO_COMMON_BLOCKS = YES;
				GCC_OPTIMIZATION_LEVEL = 0;
				GCC_PREPROCESSOR_DEFINITIONS = (
					"DEBUG=1",
					"$(inherited)",
				);
				GCC_WARN_64_TO_32_BIT_CONVERSION = YES;
				GCC_WARN_ABOUT_RETURN_TYPE = YES_ERROR;
				GCC_WARN_UNDECLARED_SELECTOR = YES;
				GCC_WARN_UNINITIALIZED_AUTOS = YES_AGGRESSIVE;
				GCC_WARN_UNUSED_FUNCTION = YES;
				GCC_WARN_UNUSED_VARIABLE = YES;
				IPHONEOS_DEPLOYMENT_TARGET = 16.2;
				MTL_ENABLE_DEBUG_INFO = INCLUDE_SOURCE;
				MTL_FAST_MATH = YES;
				ONLY_ACTIVE_ARCH = YES;
				SDKROOT = iphoneos;
				SWIFT_ACTIVE_COMPILATION_CONDITIONS = DEBUG;
				SWIFT_OPTIMIZATION_LEVEL = "-Onone";
			};
			name = Debug;
		};
		22C0E5EB29587DC000CC77C8 /* Release */ = {
			isa = XCBuildConfiguration;
			buildSettings = {
				ALWAYS_SEARCH_USER_PATHS = NO;
				CLANG_ANALYZER_NONNULL = YES;
				CLANG_ANALYZER_NUMBER_OBJECT_CONVERSION = YES_AGGRESSIVE;
				CLANG_CXX_LANGUAGE_STANDARD = "gnu++20";
				CLANG_ENABLE_MODULES = YES;
				CLANG_ENABLE_OBJC_ARC = YES;
				CLANG_ENABLE_OBJC_WEAK = YES;
				CLANG_WARN_BLOCK_CAPTURE_AUTORELEASING = YES;
				CLANG_WARN_BOOL_CONVERSION = YES;
				CLANG_WARN_COMMA = YES;
				CLANG_WARN_CONSTANT_CONVERSION = YES;
				CLANG_WARN_DEPRECATED_OBJC_IMPLEMENTATIONS = YES;
				CLANG_WARN_DIRECT_OBJC_ISA_USAGE = YES_ERROR;
				CLANG_WARN_DOCUMENTATION_COMMENTS = YES;
				CLANG_WARN_EMPTY_BODY = YES;
				CLANG_WARN_ENUM_CONVERSION = YES;
				CLANG_WARN_INFINITE_RECURSION = YES;
				CLANG_WARN_INT_CONVERSION = YES;
				CLANG_WARN_NON_LITERAL_NULL_CONVERSION = YES;
				CLANG_WARN_OBJC_IMPLICIT_RETAIN_SELF = YES;
				CLANG_WARN_OBJC_LITERAL_CONVERSION = YES;
				CLANG_WARN_OBJC_ROOT_CLASS = YES_ERROR;
				CLANG_WARN_QUOTED_INCLUDE_IN_FRAMEWORK_HEADER = YES;
				CLANG_WARN_RANGE_LOOP_ANALYSIS = YES;
				CLANG_WARN_STRICT_PROTOTYPES = YES;
				CLANG_WARN_SUSPICIOUS_MOVE = YES;
				CLANG_WARN_UNGUARDED_AVAILABILITY = YES_AGGRESSIVE;
				CLANG_WARN_UNREACHABLE_CODE = YES;
				CLANG_WARN__DUPLICATE_METHOD_MATCH = YES;
				COPY_PHASE_STRIP = NO;
				DEBUG_INFORMATION_FORMAT = "dwarf-with-dsym";
				ENABLE_NS_ASSERTIONS = NO;
				ENABLE_STRICT_OBJC_MSGSEND = YES;
				GCC_C_LANGUAGE_STANDARD = gnu11;
				GCC_NO_COMMON_BLOCKS = YES;
				GCC_WARN_64_TO_32_BIT_CONVERSION = YES;
				GCC_WARN_ABOUT_RETURN_TYPE = YES_ERROR;
				GCC_WARN_UNDECLARED_SELECTOR = YES;
				GCC_WARN_UNINITIALIZED_AUTOS = YES_AGGRESSIVE;
				GCC_WARN_UNUSED_FUNCTION = YES;
				GCC_WARN_UNUSED_VARIABLE = YES;
				IPHONEOS_DEPLOYMENT_TARGET = 16.2;
				MTL_ENABLE_DEBUG_INFO = NO;
				MTL_FAST_MATH = YES;
				SDKROOT = iphoneos;
				SWIFT_COMPILATION_MODE = wholemodule;
				SWIFT_OPTIMIZATION_LEVEL = "-O";
				VALIDATE_PRODUCT = YES;
			};
			name = Release;
		};
		22C0E5ED29587DC000CC77C8 /* Debug */ = {
			isa = XCBuildConfiguration;
			buildSettings = {
				ASSETCATALOG_COMPILER_APPICON_NAME = AppIcon;
				ASSETCATALOG_COMPILER_GLOBAL_ACCENT_COLOR_NAME = AccentColor;
				CODE_SIGN_STYLE = Automatic;
				CURRENT_PROJECT_VERSION = 1;
				DEVELOPMENT_TEAM = 4B4GS7DA5N;
				GENERATE_INFOPLIST_FILE = YES;
				INFOPLIST_FILE = GithubUserProfile/Info.plist;
				INFOPLIST_KEY_UIApplicationSupportsIndirectInputEvents = YES;
				INFOPLIST_KEY_UILaunchStoryboardName = LaunchScreen;
				INFOPLIST_KEY_UIMainStoryboardFile = Main;
				INFOPLIST_KEY_UISupportedInterfaceOrientations_iPad = "UIInterfaceOrientationPortrait UIInterfaceOrientationPortraitUpsideDown UIInterfaceOrientationLandscapeLeft UIInterfaceOrientationLandscapeRight";
				INFOPLIST_KEY_UISupportedInterfaceOrientations_iPhone = "UIInterfaceOrientationPortrait UIInterfaceOrientationLandscapeLeft UIInterfaceOrientationLandscapeRight";
				LD_RUNPATH_SEARCH_PATHS = (
					"$(inherited)",
					"@executable_path/Frameworks",
				);
				MARKETING_VERSION = 1.0;
				PRODUCT_BUNDLE_IDENTIFIER = com.nowwan.GithubUserProfile;
				PRODUCT_NAME = "$(TARGET_NAME)";
				SWIFT_EMIT_LOC_STRINGS = YES;
				SWIFT_VERSION = 5.0;
				TARGETED_DEVICE_FAMILY = "1,2";
			};
			name = Debug;
		};
		22C0E5EE29587DC000CC77C8 /* Release */ = {
			isa = XCBuildConfiguration;
			buildSettings = {
				ASSETCATALOG_COMPILER_APPICON_NAME = AppIcon;
				ASSETCATALOG_COMPILER_GLOBAL_ACCENT_COLOR_NAME = AccentColor;
				CODE_SIGN_STYLE = Automatic;
				CURRENT_PROJECT_VERSION = 1;
				DEVELOPMENT_TEAM = 4B4GS7DA5N;
				GENERATE_INFOPLIST_FILE = YES;
				INFOPLIST_FILE = GithubUserProfile/Info.plist;
				INFOPLIST_KEY_UIApplicationSupportsIndirectInputEvents = YES;
				INFOPLIST_KEY_UILaunchStoryboardName = LaunchScreen;
				INFOPLIST_KEY_UIMainStoryboardFile = Main;
				INFOPLIST_KEY_UISupportedInterfaceOrientations_iPad = "UIInterfaceOrientationPortrait UIInterfaceOrientationPortraitUpsideDown UIInterfaceOrientationLandscapeLeft UIInterfaceOrientationLandscapeRight";
				INFOPLIST_KEY_UISupportedInterfaceOrientations_iPhone = "UIInterfaceOrientationPortrait UIInterfaceOrientationLandscapeLeft UIInterfaceOrientationLandscapeRight";
				LD_RUNPATH_SEARCH_PATHS = (
					"$(inherited)",
					"@executable_path/Frameworks",
				);
				MARKETING_VERSION = 1.0;
				PRODUCT_BUNDLE_IDENTIFIER = com.nowwan.GithubUserProfile;
				PRODUCT_NAME = "$(TARGET_NAME)";
				SWIFT_EMIT_LOC_STRINGS = YES;
				SWIFT_VERSION = 5.0;
				TARGETED_DEVICE_FAMILY = "1,2";
			};
			name = Release;
		};
		22C0E5F029587DC000CC77C8 /* Debug */ = {
			isa = XCBuildConfiguration;
			buildSettings = {
				ALWAYS_EMBED_SWIFT_STANDARD_LIBRARIES = YES;
				BUNDLE_LOADER = "$(TEST_HOST)";
				CODE_SIGN_STYLE = Automatic;
				CURRENT_PROJECT_VERSION = 1;
				DEVELOPMENT_TEAM = 4B4GS7DA5N;
				GENERATE_INFOPLIST_FILE = YES;
				IPHONEOS_DEPLOYMENT_TARGET = 16.2;
				MARKETING_VERSION = 1.0;
				PRODUCT_BUNDLE_IDENTIFIER = com.nowwan.GithubUserProfileTests;
				PRODUCT_NAME = "$(TARGET_NAME)";
				SWIFT_EMIT_LOC_STRINGS = NO;
				SWIFT_VERSION = 5.0;
				TARGETED_DEVICE_FAMILY = "1,2";
				TEST_HOST = "$(BUILT_PRODUCTS_DIR)/GithubUserProfile.app/$(BUNDLE_EXECUTABLE_FOLDER_PATH)/GithubUserProfile";
			};
			name = Debug;
		};
		22C0E5F129587DC000CC77C8 /* Release */ = {
			isa = XCBuildConfiguration;
			buildSettings = {
				ALWAYS_EMBED_SWIFT_STANDARD_LIBRARIES = YES;
				BUNDLE_LOADER = "$(TEST_HOST)";
				CODE_SIGN_STYLE = Automatic;
				CURRENT_PROJECT_VERSION = 1;
				DEVELOPMENT_TEAM = 4B4GS7DA5N;
				GENERATE_INFOPLIST_FILE = YES;
				IPHONEOS_DEPLOYMENT_TARGET = 16.2;
				MARKETING_VERSION = 1.0;
				PRODUCT_BUNDLE_IDENTIFIER = com.nowwan.GithubUserProfileTests;
				PRODUCT_NAME = "$(TARGET_NAME)";
				SWIFT_EMIT_LOC_STRINGS = NO;
				SWIFT_VERSION = 5.0;
				TARGETED_DEVICE_FAMILY = "1,2";
				TEST_HOST = "$(BUILT_PRODUCTS_DIR)/GithubUserProfile.app/$(BUNDLE_EXECUTABLE_FOLDER_PATH)/GithubUserProfile";
			};
			name = Release;
		};
		22C0E5F329587DC000CC77C8 /* Debug */ = {
			isa = XCBuildConfiguration;
			buildSettings = {
				ALWAYS_EMBED_SWIFT_STANDARD_LIBRARIES = YES;
				CODE_SIGN_STYLE = Automatic;
				CURRENT_PROJECT_VERSION = 1;
				DEVELOPMENT_TEAM = 4B4GS7DA5N;
				GENERATE_INFOPLIST_FILE = YES;
				MARKETING_VERSION = 1.0;
				PRODUCT_BUNDLE_IDENTIFIER = com.nowwan.GithubUserProfileUITests;
				PRODUCT_NAME = "$(TARGET_NAME)";
				SWIFT_EMIT_LOC_STRINGS = NO;
				SWIFT_VERSION = 5.0;
				TARGETED_DEVICE_FAMILY = "1,2";
				TEST_TARGET_NAME = GithubUserProfile;
			};
			name = Debug;
		};
		22C0E5F429587DC000CC77C8 /* Release */ = {
			isa = XCBuildConfiguration;
			buildSettings = {
				ALWAYS_EMBED_SWIFT_STANDARD_LIBRARIES = YES;
				CODE_SIGN_STYLE = Automatic;
				CURRENT_PROJECT_VERSION = 1;
				DEVELOPMENT_TEAM = 4B4GS7DA5N;
				GENERATE_INFOPLIST_FILE = YES;
				MARKETING_VERSION = 1.0;
				PRODUCT_BUNDLE_IDENTIFIER = com.nowwan.GithubUserProfileUITests;
				PRODUCT_NAME = "$(TARGET_NAME)";
				SWIFT_EMIT_LOC_STRINGS = NO;
				SWIFT_VERSION = 5.0;
				TARGETED_DEVICE_FAMILY = "1,2";
				TEST_TARGET_NAME = GithubUserProfile;
			};
			name = Release;
		};
/* End XCBuildConfiguration section */

/* Begin XCConfigurationList section */
		22C0E5BD29587DBF00CC77C8 /* Build configuration list for PBXProject "GithubUserProfile" */ = {
			isa = XCConfigurationList;
			buildConfigurations = (
				22C0E5EA29587DC000CC77C8 /* Debug */,
				22C0E5EB29587DC000CC77C8 /* Release */,
			);
			defaultConfigurationIsVisible = 0;
			defaultConfigurationName = Release;
		};
		22C0E5EC29587DC000CC77C8 /* Build configuration list for PBXNativeTarget "GithubUserProfile" */ = {
			isa = XCConfigurationList;
			buildConfigurations = (
				22C0E5ED29587DC000CC77C8 /* Debug */,
				22C0E5EE29587DC000CC77C8 /* Release */,
			);
			defaultConfigurationIsVisible = 0;
			defaultConfigurationName = Release;
		};
		22C0E5EF29587DC000CC77C8 /* Build configuration list for PBXNativeTarget "GithubUserProfileTests" */ = {
			isa = XCConfigurationList;
			buildConfigurations = (
				22C0E5F029587DC000CC77C8 /* Debug */,
				22C0E5F129587DC000CC77C8 /* Release */,
			);
			defaultConfigurationIsVisible = 0;
			defaultConfigurationName = Release;
		};
		22C0E5F229587DC000CC77C8 /* Build configuration list for PBXNativeTarget "GithubUserProfileUITests" */ = {
			isa = XCConfigurationList;
			buildConfigurations = (
				22C0E5F329587DC000CC77C8 /* Debug */,
				22C0E5F429587DC000CC77C8 /* Release */,
			);
			defaultConfigurationIsVisible = 0;
			defaultConfigurationName = Release;
		};
/* End XCConfigurationList section */
	};
	rootObject = 22C0E5BA29587DBF00CC77C8 /* Project object */;
}
