// !$*UTF8*$!
{
	archiveVersion = 1;
	classes = {
	};
	objectVersion = 56;
	objects = {

/* Begin PBXBuildFile section */
		2218DC7429334023000C5511 /* AppDelegate.swift in Sources */ = {isa = PBXBuildFile; fileRef = 2218DC7329334023000C5511 /* AppDelegate.swift */; };
		2218DC7629334023000C5511 /* SceneDelegate.swift in Sources */ = {isa = PBXBuildFile; fileRef = 2218DC7529334023000C5511 /* SceneDelegate.swift */; };
		2218DC7B29334023000C5511 /* Main.storyboard in Resources */ = {isa = PBXBuildFile; fileRef = 2218DC7929334023000C5511 /* Main.storyboard */; };
		2218DC7D29334024000C5511 /* Assets.xcassets in Resources */ = {isa = PBXBuildFile; fileRef = 2218DC7C29334024000C5511 /* Assets.xcassets */; };
		2218DC8029334024000C5511 /* LaunchScreen.storyboard in Resources */ = {isa = PBXBuildFile; fileRef = 2218DC7E29334024000C5511 /* LaunchScreen.storyboard */; };
		2218DC8B29334024000C5511 /* HeadSpaceFocusTests.swift in Sources */ = {isa = PBXBuildFile; fileRef = 2218DC8A29334024000C5511 /* HeadSpaceFocusTests.swift */; };
		2218DC9529334024000C5511 /* HeadSpaceFocusUITests.swift in Sources */ = {isa = PBXBuildFile; fileRef = 2218DC9429334024000C5511 /* HeadSpaceFocusUITests.swift */; };
		2218DC9729334024000C5511 /* HeadSpaceFocusUITestsLaunchTests.swift in Sources */ = {isa = PBXBuildFile; fileRef = 2218DC9629334024000C5511 /* HeadSpaceFocusUITestsLaunchTests.swift */; };
		2218DCA6293340C4000C5511 /* Focus.swift in Sources */ = {isa = PBXBuildFile; fileRef = 2218DCA5293340C4000C5511 /* Focus.swift */; };
		2218DCAA2933579A000C5511 /* FocusViewController.swift in Sources */ = {isa = PBXBuildFile; fileRef = 2218DCA92933579A000C5511 /* FocusViewController.swift */; };
		2218DCAC293357BF000C5511 /* FocusCell.swift in Sources */ = {isa = PBXBuildFile; fileRef = 2218DCAB293357BF000C5511 /* FocusCell.swift */; };
		222142C42936192400FBF557 /* QuickFocus.swift in Sources */ = {isa = PBXBuildFile; fileRef = 222142C32936192400FBF557 /* QuickFocus.swift */; };
		222142C629361A0500FBF557 /* Detail.storyboard in Resources */ = {isa = PBXBuildFile; fileRef = 222142C529361A0500FBF557 /* Detail.storyboard */; };
		222142C829361AAF00FBF557 /* DetailViewController.swift in Sources */ = {isa = PBXBuildFile; fileRef = 222142C729361AAF00FBF557 /* DetailViewController.swift */; };
		222142CA29361B5700FBF557 /* DetailCell.swift in Sources */ = {isa = PBXBuildFile; fileRef = 222142C929361B5700FBF557 /* DetailCell.swift */; };
		222142CC2936344700FBF557 /* DetailHeaderView.swift in Sources */ = {isa = PBXBuildFile; fileRef = 222142CB2936344700FBF557 /* DetailHeaderView.swift */; };
/* End PBXBuildFile section */

/* Begin PBXContainerItemProxy section */
		2218DC8729334024000C5511 /* PBXContainerItemProxy */ = {
			isa = PBXContainerItemProxy;
			containerPortal = 2218DC6829334023000C5511 /* Project object */;
			proxyType = 1;
			remoteGlobalIDString = 2218DC6F29334023000C5511;
			remoteInfo = HeadSpaceFocus;
		};
		2218DC9129334024000C5511 /* PBXContainerItemProxy */ = {
			isa = PBXContainerItemProxy;
			containerPortal = 2218DC6829334023000C5511 /* Project object */;
			proxyType = 1;
			remoteGlobalIDString = 2218DC6F29334023000C5511;
			remoteInfo = HeadSpaceFocus;
		};
/* End PBXContainerItemProxy section */

/* Begin PBXFileReference section */
		2218DC7029334023000C5511 /* HeadSpaceFocus.app */ = {isa = PBXFileReference; explicitFileType = wrapper.application; includeInIndex = 0; path = HeadSpaceFocus.app; sourceTree = BUILT_PRODUCTS_DIR; };
		2218DC7329334023000C5511 /* AppDelegate.swift */ = {isa = PBXFileReference; lastKnownFileType = sourcecode.swift; path = AppDelegate.swift; sourceTree = "<group>"; };
		2218DC7529334023000C5511 /* SceneDelegate.swift */ = {isa = PBXFileReference; lastKnownFileType = sourcecode.swift; path = SceneDelegate.swift; sourceTree = "<group>"; };
		2218DC7A29334023000C5511 /* Base */ = {isa = PBXFileReference; lastKnownFileType = file.storyboard; name = Base; path = Base.lproj/Main.storyboard; sourceTree = "<group>"; };
		2218DC7C29334024000C5511 /* Assets.xcassets */ = {isa = PBXFileReference; lastKnownFileType = folder.assetcatalog; path = Assets.xcassets; sourceTree = "<group>"; };
		2218DC7F29334024000C5511 /* Base */ = {isa = PBXFileReference; lastKnownFileType = file.storyboard; name = Base; path = Base.lproj/LaunchScreen.storyboard; sourceTree = "<group>"; };
		2218DC8129334024000C5511 /* Info.plist */ = {isa = PBXFileReference; lastKnownFileType = text.plist.xml; path = Info.plist; sourceTree = "<group>"; };
		2218DC8629334024000C5511 /* HeadSpaceFocusTests.xctest */ = {isa = PBXFileReference; explicitFileType = wrapper.cfbundle; includeInIndex = 0; path = HeadSpaceFocusTests.xctest; sourceTree = BUILT_PRODUCTS_DIR; };
		2218DC8A29334024000C5511 /* HeadSpaceFocusTests.swift */ = {isa = PBXFileReference; lastKnownFileType = sourcecode.swift; path = HeadSpaceFocusTests.swift; sourceTree = "<group>"; };
		2218DC9029334024000C5511 /* HeadSpaceFocusUITests.xctest */ = {isa = PBXFileReference; explicitFileType = wrapper.cfbundle; includeInIndex = 0; path = HeadSpaceFocusUITests.xctest; sourceTree = BUILT_PRODUCTS_DIR; };
		2218DC9429334024000C5511 /* HeadSpaceFocusUITests.swift */ = {isa = PBXFileReference; lastKnownFileType = sourcecode.swift; path = HeadSpaceFocusUITests.swift; sourceTree = "<group>"; };
		2218DC9629334024000C5511 /* HeadSpaceFocusUITestsLaunchTests.swift */ = {isa = PBXFileReference; lastKnownFileType = sourcecode.swift; path = HeadSpaceFocusUITestsLaunchTests.swift; sourceTree = "<group>"; };
		2218DCA5293340C4000C5511 /* Focus.swift */ = {isa = PBXFileReference; lastKnownFileType = sourcecode.swift; path = Focus.swift; sourceTree = "<group>"; };
		2218DCA92933579A000C5511 /* FocusViewController.swift */ = {isa = PBXFileReference; lastKnownFileType = sourcecode.swift; path = FocusViewController.swift; sourceTree = "<group>"; };
		2218DCAB293357BF000C5511 /* FocusCell.swift */ = {isa = PBXFileReference; lastKnownFileType = sourcecode.swift; path = FocusCell.swift; sourceTree = "<group>"; };
		222142C32936192400FBF557 /* QuickFocus.swift */ = {isa = PBXFileReference; lastKnownFileType = sourcecode.swift; path = QuickFocus.swift; sourceTree = "<group>"; };
		222142C529361A0500FBF557 /* Detail.storyboard */ = {isa = PBXFileReference; lastKnownFileType = file.storyboard; path = Detail.storyboard; sourceTree = "<group>"; };
		222142C729361AAF00FBF557 /* DetailViewController.swift */ = {isa = PBXFileReference; lastKnownFileType = sourcecode.swift; path = DetailViewController.swift; sourceTree = "<group>"; };
		222142C929361B5700FBF557 /* DetailCell.swift */ = {isa = PBXFileReference; lastKnownFileType = sourcecode.swift; path = DetailCell.swift; sourceTree = "<group>"; };
		222142CB2936344700FBF557 /* DetailHeaderView.swift */ = {isa = PBXFileReference; lastKnownFileType = sourcecode.swift; path = DetailHeaderView.swift; sourceTree = "<group>"; };
/* End PBXFileReference section */

/* Begin PBXFrameworksBuildPhase section */
		2218DC6D29334023000C5511 /* Frameworks */ = {
			isa = PBXFrameworksBuildPhase;
			buildActionMask = 2147483647;
			files = (
			);
			runOnlyForDeploymentPostprocessing = 0;
		};
		2218DC8329334024000C5511 /* Frameworks */ = {
			isa = PBXFrameworksBuildPhase;
			buildActionMask = 2147483647;
			files = (
			);
			runOnlyForDeploymentPostprocessing = 0;
		};
		2218DC8D29334024000C5511 /* Frameworks */ = {
			isa = PBXFrameworksBuildPhase;
			buildActionMask = 2147483647;
			files = (
			);
			runOnlyForDeploymentPostprocessing = 0;
		};
/* End PBXFrameworksBuildPhase section */

/* Begin PBXGroup section */
		2218DC6729334023000C5511 = {
			isa = PBXGroup;
			children = (
				2218DC7229334023000C5511 /* HeadSpaceFocus */,
				2218DC8929334024000C5511 /* HeadSpaceFocusTests */,
				2218DC9329334024000C5511 /* HeadSpaceFocusUITests */,
				2218DC7129334023000C5511 /* Products */,
			);
			sourceTree = "<group>";
		};
		2218DC7129334023000C5511 /* Products */ = {
			isa = PBXGroup;
			children = (
				2218DC7029334023000C5511 /* HeadSpaceFocus.app */,
				2218DC8629334024000C5511 /* HeadSpaceFocusTests.xctest */,
				2218DC9029334024000C5511 /* HeadSpaceFocusUITests.xctest */,
			);
			name = Products;
			sourceTree = "<group>";
		};
		2218DC7229334023000C5511 /* HeadSpaceFocus */ = {
			isa = PBXGroup;
			children = (
				2218DCA5293340C4000C5511 /* Focus.swift */,
				222142C32936192400FBF557 /* QuickFocus.swift */,
				2218DC7329334023000C5511 /* AppDelegate.swift */,
				2218DC7529334023000C5511 /* SceneDelegate.swift */,
				2218DC7929334023000C5511 /* Main.storyboard */,
				2218DCA92933579A000C5511 /* FocusViewController.swift */,
				2218DCAB293357BF000C5511 /* FocusCell.swift */,
				222142C529361A0500FBF557 /* Detail.storyboard */,
				222142CB2936344700FBF557 /* DetailHeaderView.swift */,
				222142C729361AAF00FBF557 /* DetailViewController.swift */,
				222142C929361B5700FBF557 /* DetailCell.swift */,
				2218DC7C29334024000C5511 /* Assets.xcassets */,
				2218DC7E29334024000C5511 /* LaunchScreen.storyboard */,
				2218DC8129334024000C5511 /* Info.plist */,
			);
			path = HeadSpaceFocus;
			sourceTree = "<group>";
		};
		2218DC8929334024000C5511 /* HeadSpaceFocusTests */ = {
			isa = PBXGroup;
			children = (
				2218DC8A29334024000C5511 /* HeadSpaceFocusTests.swift */,
			);
			path = HeadSpaceFocusTests;
			sourceTree = "<group>";
		};
		2218DC9329334024000C5511 /* HeadSpaceFocusUITests */ = {
			isa = PBXGroup;
			children = (
				2218DC9429334024000C5511 /* HeadSpaceFocusUITests.swift */,
				2218DC9629334024000C5511 /* HeadSpaceFocusUITestsLaunchTests.swift */,
			);
			path = HeadSpaceFocusUITests;
			sourceTree = "<group>";
		};
/* End PBXGroup section */

/* Begin PBXNativeTarget section */
		2218DC6F29334023000C5511 /* HeadSpaceFocus */ = {
			isa = PBXNativeTarget;
			buildConfigurationList = 2218DC9A29334024000C5511 /* Build configuration list for PBXNativeTarget "HeadSpaceFocus" */;
			buildPhases = (
				2218DC6C29334023000C5511 /* Sources */,
				2218DC6D29334023000C5511 /* Frameworks */,
				2218DC6E29334023000C5511 /* Resources */,
			);
			buildRules = (
			);
			dependencies = (
			);
			name = HeadSpaceFocus;
			productName = HeadSpaceFocus;
			productReference = 2218DC7029334023000C5511 /* HeadSpaceFocus.app */;
			productType = "com.apple.product-type.application";
		};
		2218DC8529334024000C5511 /* HeadSpaceFocusTests */ = {
			isa = PBXNativeTarget;
			buildConfigurationList = 2218DC9D29334024000C5511 /* Build configuration list for PBXNativeTarget "HeadSpaceFocusTests" */;
			buildPhases = (
				2218DC8229334024000C5511 /* Sources */,
				2218DC8329334024000C5511 /* Frameworks */,
				2218DC8429334024000C5511 /* Resources */,
			);
			buildRules = (
			);
			dependencies = (
				2218DC8829334024000C5511 /* PBXTargetDependency */,
			);
			name = HeadSpaceFocusTests;
			productName = HeadSpaceFocusTests;
			productReference = 2218DC8629334024000C5511 /* HeadSpaceFocusTests.xctest */;
			productType = "com.apple.product-type.bundle.unit-test";
		};
		2218DC8F29334024000C5511 /* HeadSpaceFocusUITests */ = {
			isa = PBXNativeTarget;
			buildConfigurationList = 2218DCA029334024000C5511 /* Build configuration list for PBXNativeTarget "HeadSpaceFocusUITests" */;
			buildPhases = (
				2218DC8C29334024000C5511 /* Sources */,
				2218DC8D29334024000C5511 /* Frameworks */,
				2218DC8E29334024000C5511 /* Resources */,
			);
			buildRules = (
			);
			dependencies = (
				2218DC9229334024000C5511 /* PBXTargetDependency */,
			);
			name = HeadSpaceFocusUITests;
			productName = HeadSpaceFocusUITests;
			productReference = 2218DC9029334024000C5511 /* HeadSpaceFocusUITests.xctest */;
			productType = "com.apple.product-type.bundle.ui-testing";
		};
/* End PBXNativeTarget section */

/* Begin PBXProject section */
		2218DC6829334023000C5511 /* Project object */ = {
			isa = PBXProject;
			attributes = {
				BuildIndependentTargetsInParallel = 1;
				LastSwiftUpdateCheck = 1410;
				LastUpgradeCheck = 1410;
				TargetAttributes = {
					2218DC6F29334023000C5511 = {
						CreatedOnToolsVersion = 14.1;
					};
					2218DC8529334024000C5511 = {
						CreatedOnToolsVersion = 14.1;
						TestTargetID = 2218DC6F29334023000C5511;
					};
					2218DC8F29334024000C5511 = {
						CreatedOnToolsVersion = 14.1;
						TestTargetID = 2218DC6F29334023000C5511;
					};
				};
			};
			buildConfigurationList = 2218DC6B29334023000C5511 /* Build configuration list for PBXProject "HeadSpaceFocus" */;
			compatibilityVersion = "Xcode 14.0";
			developmentRegion = en;
			hasScannedForEncodings = 0;
			knownRegions = (
				en,
				Base,
			);
			mainGroup = 2218DC6729334023000C5511;
			productRefGroup = 2218DC7129334023000C5511 /* Products */;
			projectDirPath = "";
			projectRoot = "";
			targets = (
				2218DC6F29334023000C5511 /* HeadSpaceFocus */,
				2218DC8529334024000C5511 /* HeadSpaceFocusTests */,
				2218DC8F29334024000C5511 /* HeadSpaceFocusUITests */,
			);
		};
/* End PBXProject section */

/* Begin PBXResourcesBuildPhase section */
		2218DC6E29334023000C5511 /* Resources */ = {
			isa = PBXResourcesBuildPhase;
			buildActionMask = 2147483647;
			files = (
				2218DC8029334024000C5511 /* LaunchScreen.storyboard in Resources */,
				2218DC7D29334024000C5511 /* Assets.xcassets in Resources */,
				2218DC7B29334023000C5511 /* Main.storyboard in Resources */,
				222142C629361A0500FBF557 /* Detail.storyboard in Resources */,
			);
			runOnlyForDeploymentPostprocessing = 0;
		};
		2218DC8429334024000C5511 /* Resources */ = {
			isa = PBXResourcesBuildPhase;
			buildActionMask = 2147483647;
			files = (
			);
			runOnlyForDeploymentPostprocessing = 0;
		};
		2218DC8E29334024000C5511 /* Resources */ = {
			isa = PBXResourcesBuildPhase;
			buildActionMask = 2147483647;
			files = (
			);
			runOnlyForDeploymentPostprocessing = 0;
		};
/* End PBXResourcesBuildPhase section */

/* Begin PBXSourcesBuildPhase section */
		2218DC6C29334023000C5511 /* Sources */ = {
			isa = PBXSourcesBuildPhase;
			buildActionMask = 2147483647;
			files = (
				222142C42936192400FBF557 /* QuickFocus.swift in Sources */,
				2218DC7429334023000C5511 /* AppDelegate.swift in Sources */,
				2218DCA6293340C4000C5511 /* Focus.swift in Sources */,
				2218DCAC293357BF000C5511 /* FocusCell.swift in Sources */,
				2218DC7629334023000C5511 /* SceneDelegate.swift in Sources */,
				2218DCAA2933579A000C5511 /* FocusViewController.swift in Sources */,
				222142CA29361B5700FBF557 /* DetailCell.swift in Sources */,
				222142C829361AAF00FBF557 /* DetailViewController.swift in Sources */,
				222142CC2936344700FBF557 /* DetailHeaderView.swift in Sources */,
			);
			runOnlyForDeploymentPostprocessing = 0;
		};
		2218DC8229334024000C5511 /* Sources */ = {
			isa = PBXSourcesBuildPhase;
			buildActionMask = 2147483647;
			files = (
				2218DC8B29334024000C5511 /* HeadSpaceFocusTests.swift in Sources */,
			);
			runOnlyForDeploymentPostprocessing = 0;
		};
		2218DC8C29334024000C5511 /* Sources */ = {
			isa = PBXSourcesBuildPhase;
			buildActionMask = 2147483647;
			files = (
				2218DC9729334024000C5511 /* HeadSpaceFocusUITestsLaunchTests.swift in Sources */,
				2218DC9529334024000C5511 /* HeadSpaceFocusUITests.swift in Sources */,
			);
			runOnlyForDeploymentPostprocessing = 0;
		};
/* End PBXSourcesBuildPhase section */

/* Begin PBXTargetDependency section */
		2218DC8829334024000C5511 /* PBXTargetDependency */ = {
			isa = PBXTargetDependency;
			target = 2218DC6F29334023000C5511 /* HeadSpaceFocus */;
			targetProxy = 2218DC8729334024000C5511 /* PBXContainerItemProxy */;
		};
		2218DC9229334024000C5511 /* PBXTargetDependency */ = {
			isa = PBXTargetDependency;
			target = 2218DC6F29334023000C5511 /* HeadSpaceFocus */;
			targetProxy = 2218DC9129334024000C5511 /* PBXContainerItemProxy */;
		};
/* End PBXTargetDependency section */

/* Begin PBXVariantGroup section */
		2218DC7929334023000C5511 /* Main.storyboard */ = {
			isa = PBXVariantGroup;
			children = (
				2218DC7A29334023000C5511 /* Base */,
			);
			name = Main.storyboard;
			sourceTree = "<group>";
		};
		2218DC7E29334024000C5511 /* LaunchScreen.storyboard */ = {
			isa = PBXVariantGroup;
			children = (
				2218DC7F29334024000C5511 /* Base */,
			);
			name = LaunchScreen.storyboard;
			sourceTree = "<group>";
		};
/* End PBXVariantGroup section */

/* Begin XCBuildConfiguration section */
		2218DC9829334024000C5511 /* Debug */ = {
			isa = XCBuildConfiguration;
			buildSettings = {
				ALWAYS_SEARCH_USER_PATHS = NO;
				CLANG_ANALYZER_NONNULL = YES;
				CLANG_ANALYZER_NUMBER_OBJECT_CONVERSION = YES_AGGRESSIVE;
				CLANG_CXX_LANGUAGE_STANDARD = "gnu++20";
				CLANG_ENABLE_MODULES = YES;
				CLANG_ENABLE_OBJC_ARC = YES;
				CLANG_ENABLE_OBJC_WEAK = YES;
				CLANG_WARN_BLOCK_CAPTURE_AUTORELEASING = YES;
				CLANG_WARN_BOOL_CONVERSION = YES;
				CLANG_WARN_COMMA = YES;
				CLANG_WARN_CONSTANT_CONVERSION = YES;
				CLANG_WARN_DEPRECATED_OBJC_IMPLEMENTATIONS = YES;
				CLANG_WARN_DIRECT_OBJC_ISA_USAGE = YES_ERROR;
				CLANG_WARN_DOCUMENTATION_COMMENTS = YES;
				CLANG_WARN_EMPTY_BODY = YES;
				CLANG_WARN_ENUM_CONVERSION = YES;
				CLANG_WARN_INFINITE_RECURSION = YES;
				CLANG_WARN_INT_CONVERSION = YES;
				CLANG_WARN_NON_LITERAL_NULL_CONVERSION = YES;
				CLANG_WARN_OBJC_IMPLICIT_RETAIN_SELF = YES;
				CLANG_WARN_OBJC_LITERAL_CONVERSION = YES;
				CLANG_WARN_OBJC_ROOT_CLASS = YES_ERROR;
				CLANG_WARN_QUOTED_INCLUDE_IN_FRAMEWORK_HEADER = YES;
				CLANG_WARN_RANGE_LOOP_ANALYSIS = YES;
				CLANG_WARN_STRICT_PROTOTYPES = YES;
				CLANG_WARN_SUSPICIOUS_MOVE = YES;
				CLANG_WARN_UNGUARDED_AVAILABILITY = YES_AGGRESSIVE;
				CLANG_WARN_UNREACHABLE_CODE = YES;
				CLANG_WARN__DUPLICATE_METHOD_MATCH = YES;
				COPY_PHASE_STRIP = NO;
				DEBUG_INFORMATION_FORMAT = dwarf;
				ENABLE_STRICT_OBJC_MSGSEND = YES;
				ENABLE_TESTABILITY = YES;
				GCC_C_LANGUAGE_STANDARD = gnu11;
				GCC_DYNAMIC_NO_PIC = NO;
				GCC_NO_COMMON_BLOCKS = YES;
				GCC_OPTIMIZATION_LEVEL = 0;
				GCC_PREPROCESSOR_DEFINITIONS = (
					"DEBUG=1",
					"$(inherited)",
				);
				GCC_WARN_64_TO_32_BIT_CONVERSION = YES;
				GCC_WARN_ABOUT_RETURN_TYPE = YES_ERROR;
				GCC_WARN_UNDECLARED_SELECTOR = YES;
				GCC_WARN_UNINITIALIZED_AUTOS = YES_AGGRESSIVE;
				GCC_WARN_UNUSED_FUNCTION = YES;
				GCC_WARN_UNUSED_VARIABLE = YES;
				IPHONEOS_DEPLOYMENT_TARGET = 16.1;
				MTL_ENABLE_DEBUG_INFO = INCLUDE_SOURCE;
				MTL_FAST_MATH = YES;
				ONLY_ACTIVE_ARCH = YES;
				SDKROOT = iphoneos;
				SWIFT_ACTIVE_COMPILATION_CONDITIONS = DEBUG;
				SWIFT_OPTIMIZATION_LEVEL = "-Onone";
			};
			name = Debug;
		};
		2218DC9929334024000C5511 /* Release */ = {
			isa = XCBuildConfiguration;
			buildSettings = {
				ALWAYS_SEARCH_USER_PATHS = NO;
				CLANG_ANALYZER_NONNULL = YES;
				CLANG_ANALYZER_NUMBER_OBJECT_CONVERSION = YES_AGGRESSIVE;
				CLANG_CXX_LANGUAGE_STANDARD = "gnu++20";
				CLANG_ENABLE_MODULES = YES;
				CLANG_ENABLE_OBJC_ARC = YES;
				CLANG_ENABLE_OBJC_WEAK = YES;
				CLANG_WARN_BLOCK_CAPTURE_AUTORELEASING = YES;
				CLANG_WARN_BOOL_CONVERSION = YES;
				CLANG_WARN_COMMA = YES;
				CLANG_WARN_CONSTANT_CONVERSION = YES;
				CLANG_WARN_DEPRECATED_OBJC_IMPLEMENTATIONS = YES;
				CLANG_WARN_DIRECT_OBJC_ISA_USAGE = YES_ERROR;
				CLANG_WARN_DOCUMENTATION_COMMENTS = YES;
				CLANG_WARN_EMPTY_BODY = YES;
				CLANG_WARN_ENUM_CONVERSION = YES;
				CLANG_WARN_INFINITE_RECURSION = YES;
				CLANG_WARN_INT_CONVERSION = YES;
				CLANG_WARN_NON_LITERAL_NULL_CONVERSION = YES;
				CLANG_WARN_OBJC_IMPLICIT_RETAIN_SELF = YES;
				CLANG_WARN_OBJC_LITERAL_CONVERSION = YES;
				CLANG_WARN_OBJC_ROOT_CLASS = YES_ERROR;
				CLANG_WARN_QUOTED_INCLUDE_IN_FRAMEWORK_HEADER = YES;
				CLANG_WARN_RANGE_LOOP_ANALYSIS = YES;
				CLANG_WARN_STRICT_PROTOTYPES = YES;
				CLANG_WARN_SUSPICIOUS_MOVE = YES;
				CLANG_WARN_UNGUARDED_AVAILABILITY = YES_AGGRESSIVE;
				CLANG_WARN_UNREACHABLE_CODE = YES;
				CLANG_WARN__DUPLICATE_METHOD_MATCH = YES;
				COPY_PHASE_STRIP = NO;
				DEBUG_INFORMATION_FORMAT = "dwarf-with-dsym";
				ENABLE_NS_ASSERTIONS = NO;
				ENABLE_STRICT_OBJC_MSGSEND = YES;
				GCC_C_LANGUAGE_STANDARD = gnu11;
				GCC_NO_COMMON_BLOCKS = YES;
				GCC_WARN_64_TO_32_BIT_CONVERSION = YES;
				GCC_WARN_ABOUT_RETURN_TYPE = YES_ERROR;
				GCC_WARN_UNDECLARED_SELECTOR = YES;
				GCC_WARN_UNINITIALIZED_AUTOS = YES_AGGRESSIVE;
				GCC_WARN_UNUSED_FUNCTION = YES;
				GCC_WARN_UNUSED_VARIABLE = YES;
				IPHONEOS_DEPLOYMENT_TARGET = 16.1;
				MTL_ENABLE_DEBUG_INFO = NO;
				MTL_FAST_MATH = YES;
				SDKROOT = iphoneos;
				SWIFT_COMPILATION_MODE = wholemodule;
				SWIFT_OPTIMIZATION_LEVEL = "-O";
				VALIDATE_PRODUCT = YES;
			};
			name = Release;
		};
		2218DC9B29334024000C5511 /* Debug */ = {
			isa = XCBuildConfiguration;
			buildSettings = {
				ASSETCATALOG_COMPILER_APPICON_NAME = AppIcon;
				ASSETCATALOG_COMPILER_GLOBAL_ACCENT_COLOR_NAME = AccentColor;
				CODE_SIGN_STYLE = Automatic;
				CURRENT_PROJECT_VERSION = 1;
				DEVELOPMENT_TEAM = 4B4GS7DA5N;
				GENERATE_INFOPLIST_FILE = YES;
				INFOPLIST_FILE = HeadSpaceFocus/Info.plist;
				INFOPLIST_KEY_UIApplicationSupportsIndirectInputEvents = YES;
				INFOPLIST_KEY_UILaunchStoryboardName = LaunchScreen;
				INFOPLIST_KEY_UIMainStoryboardFile = Main;
				INFOPLIST_KEY_UISupportedInterfaceOrientations_iPad = "UIInterfaceOrientationPortrait UIInterfaceOrientationPortraitUpsideDown UIInterfaceOrientationLandscapeLeft UIInterfaceOrientationLandscapeRight";
				INFOPLIST_KEY_UISupportedInterfaceOrientations_iPhone = "UIInterfaceOrientationPortrait UIInterfaceOrientationLandscapeLeft UIInterfaceOrientationLandscapeRight";
				LD_RUNPATH_SEARCH_PATHS = (
					"$(inherited)",
					"@executable_path/Frameworks",
				);
				MARKETING_VERSION = 1.0;
				PRODUCT_BUNDLE_IDENTIFIER = com.nowwan.HeadSpaceFocus;
				PRODUCT_NAME = "$(TARGET_NAME)";
				SWIFT_EMIT_LOC_STRINGS = YES;
				SWIFT_VERSION = 5.0;
				TARGETED_DEVICE_FAMILY = "1,2";
			};
			name = Debug;
		};
		2218DC9C29334024000C5511 /* Release */ = {
			isa = XCBuildConfiguration;
			buildSettings = {
				ASSETCATALOG_COMPILER_APPICON_NAME = AppIcon;
				ASSETCATALOG_COMPILER_GLOBAL_ACCENT_COLOR_NAME = AccentColor;
				CODE_SIGN_STYLE = Automatic;
				CURRENT_PROJECT_VERSION = 1;
				DEVELOPMENT_TEAM = 4B4GS7DA5N;
				GENERATE_INFOPLIST_FILE = YES;
				INFOPLIST_FILE = HeadSpaceFocus/Info.plist;
				INFOPLIST_KEY_UIApplicationSupportsIndirectInputEvents = YES;
				INFOPLIST_KEY_UILaunchStoryboardName = LaunchScreen;
				INFOPLIST_KEY_UIMainStoryboardFile = Main;
				INFOPLIST_KEY_UISupportedInterfaceOrientations_iPad = "UIInterfaceOrientationPortrait UIInterfaceOrientationPortraitUpsideDown UIInterfaceOrientationLandscapeLeft UIInterfaceOrientationLandscapeRight";
				INFOPLIST_KEY_UISupportedInterfaceOrientations_iPhone = "UIInterfaceOrientationPortrait UIInterfaceOrientationLandscapeLeft UIInterfaceOrientationLandscapeRight";
				LD_RUNPATH_SEARCH_PATHS = (
					"$(inherited)",
					"@executable_path/Frameworks",
				);
				MARKETING_VERSION = 1.0;
				PRODUCT_BUNDLE_IDENTIFIER = com.nowwan.HeadSpaceFocus;
				PRODUCT_NAME = "$(TARGET_NAME)";
				SWIFT_EMIT_LOC_STRINGS = YES;
				SWIFT_VERSION = 5.0;
				TARGETED_DEVICE_FAMILY = "1,2";
			};
			name = Release;
		};
		2218DC9E29334024000C5511 /* Debug */ = {
			isa = XCBuildConfiguration;
			buildSettings = {
				ALWAYS_EMBED_SWIFT_STANDARD_LIBRARIES = YES;
				BUNDLE_LOADER = "$(TEST_HOST)";
				CODE_SIGN_STYLE = Automatic;
				CURRENT_PROJECT_VERSION = 1;
				DEVELOPMENT_TEAM = 4B4GS7DA5N;
				GENERATE_INFOPLIST_FILE = YES;
				IPHONEOS_DEPLOYMENT_TARGET = 16.1;
				MARKETING_VERSION = 1.0;
				PRODUCT_BUNDLE_IDENTIFIER = com.nowwan.HeadSpaceFocusTests;
				PRODUCT_NAME = "$(TARGET_NAME)";
				SWIFT_EMIT_LOC_STRINGS = NO;
				SWIFT_VERSION = 5.0;
				TARGETED_DEVICE_FAMILY = "1,2";
				TEST_HOST = "$(BUILT_PRODUCTS_DIR)/HeadSpaceFocus.app/$(BUNDLE_EXECUTABLE_FOLDER_PATH)/HeadSpaceFocus";
			};
			name = Debug;
		};
		2218DC9F29334024000C5511 /* Release */ = {
			isa = XCBuildConfiguration;
			buildSettings = {
				ALWAYS_EMBED_SWIFT_STANDARD_LIBRARIES = YES;
				BUNDLE_LOADER = "$(TEST_HOST)";
				CODE_SIGN_STYLE = Automatic;
				CURRENT_PROJECT_VERSION = 1;
				DEVELOPMENT_TEAM = 4B4GS7DA5N;
				GENERATE_INFOPLIST_FILE = YES;
				IPHONEOS_DEPLOYMENT_TARGET = 16.1;
				MARKETING_VERSION = 1.0;
				PRODUCT_BUNDLE_IDENTIFIER = com.nowwan.HeadSpaceFocusTests;
				PRODUCT_NAME = "$(TARGET_NAME)";
				SWIFT_EMIT_LOC_STRINGS = NO;
				SWIFT_VERSION = 5.0;
				TARGETED_DEVICE_FAMILY = "1,2";
				TEST_HOST = "$(BUILT_PRODUCTS_DIR)/HeadSpaceFocus.app/$(BUNDLE_EXECUTABLE_FOLDER_PATH)/HeadSpaceFocus";
			};
			name = Release;
		};
		2218DCA129334024000C5511 /* Debug */ = {
			isa = XCBuildConfiguration;
			buildSettings = {
				ALWAYS_EMBED_SWIFT_STANDARD_LIBRARIES = YES;
				CODE_SIGN_STYLE = Automatic;
				CURRENT_PROJECT_VERSION = 1;
				DEVELOPMENT_TEAM = 4B4GS7DA5N;
				GENERATE_INFOPLIST_FILE = YES;
				MARKETING_VERSION = 1.0;
				PRODUCT_BUNDLE_IDENTIFIER = com.nowwan.HeadSpaceFocusUITests;
				PRODUCT_NAME = "$(TARGET_NAME)";
				SWIFT_EMIT_LOC_STRINGS = NO;
				SWIFT_VERSION = 5.0;
				TARGETED_DEVICE_FAMILY = "1,2";
				TEST_TARGET_NAME = HeadSpaceFocus;
			};
			name = Debug;
		};
		2218DCA229334024000C5511 /* Release */ = {
			isa = XCBuildConfiguration;
			buildSettings = {
				ALWAYS_EMBED_SWIFT_STANDARD_LIBRARIES = YES;
				CODE_SIGN_STYLE = Automatic;
				CURRENT_PROJECT_VERSION = 1;
				DEVELOPMENT_TEAM = 4B4GS7DA5N;
				GENERATE_INFOPLIST_FILE = YES;
				MARKETING_VERSION = 1.0;
				PRODUCT_BUNDLE_IDENTIFIER = com.nowwan.HeadSpaceFocusUITests;
				PRODUCT_NAME = "$(TARGET_NAME)";
				SWIFT_EMIT_LOC_STRINGS = NO;
				SWIFT_VERSION = 5.0;
				TARGETED_DEVICE_FAMILY = "1,2";
				TEST_TARGET_NAME = HeadSpaceFocus;
			};
			name = Release;
		};
/* End XCBuildConfiguration section */

/* Begin XCConfigurationList section */
		2218DC6B29334023000C5511 /* Build configuration list for PBXProject "HeadSpaceFocus" */ = {
			isa = XCConfigurationList;
			buildConfigurations = (
				2218DC9829334024000C5511 /* Debug */,
				2218DC9929334024000C5511 /* Release */,
			);
			defaultConfigurationIsVisible = 0;
			defaultConfigurationName = Release;
		};
		2218DC9A29334024000C5511 /* Build configuration list for PBXNativeTarget "HeadSpaceFocus" */ = {
			isa = XCConfigurationList;
			buildConfigurations = (
				2218DC9B29334024000C5511 /* Debug */,
				2218DC9C29334024000C5511 /* Release */,
			);
			defaultConfigurationIsVisible = 0;
			defaultConfigurationName = Release;
		};
		2218DC9D29334024000C5511 /* Build configuration list for PBXNativeTarget "HeadSpaceFocusTests" */ = {
			isa = XCConfigurationList;
			buildConfigurations = (
				2218DC9E29334024000C5511 /* Debug */,
				2218DC9F29334024000C5511 /* Release */,
			);
			defaultConfigurationIsVisible = 0;
			defaultConfigurationName = Release;
		};
		2218DCA029334024000C5511 /* Build configuration list for PBXNativeTarget "HeadSpaceFocusUITests" */ = {
			isa = XCConfigurationList;
			buildConfigurations = (
				2218DCA129334024000C5511 /* Debug */,
				2218DCA229334024000C5511 /* Release */,
			);
			defaultConfigurationIsVisible = 0;
			defaultConfigurationName = Release;
		};
/* End XCConfigurationList section */
	};
	rootObject = 2218DC6829334023000C5511 /* Project object */;
}
