// !$*UTF8*$!
{
	archiveVersion = 1;
	classes = {
	};
	objectVersion = 56;
	objects = {

/* Begin PBXBuildFile section */
		22645D642940951E009EC638 /* SearchResult.swift in Sources */ = {isa = PBXBuildFile; fileRef = 22645D632940951E009EC638 /* SearchResult.swift */; };
		22645D6629446599009EC638 /* SearchUserResponse.swift in Sources */ = {isa = PBXBuildFile; fileRef = 22645D6529446599009EC638 /* SearchUserResponse.swift */; };
		22645D6829473328009EC638 /* NetworkService.swift in Sources */ = {isa = PBXBuildFile; fileRef = 22645D6729473328009EC638 /* NetworkService.swift */; };
		22645D6A294A1640009EC638 /* Resource.swift in Sources */ = {isa = PBXBuildFile; fileRef = 22645D69294A1640009EC638 /* Resource.swift */; };
		22645D6C294E100D009EC638 /* Publisher+Utils.swift in Sources */ = {isa = PBXBuildFile; fileRef = 22645D6B294E100D009EC638 /* Publisher+Utils.swift */; };
		22645D722952DE92009EC638 /* ResultCell.swift in Sources */ = {isa = PBXBuildFile; fileRef = 22645D712952DE92009EC638 /* ResultCell.swift */; };
		229F95BE293E0B8000F31DF4 /* AppDelegate.swift in Sources */ = {isa = PBXBuildFile; fileRef = 229F95BD293E0B8000F31DF4 /* AppDelegate.swift */; };
		229F95C0293E0B8000F31DF4 /* SceneDelegate.swift in Sources */ = {isa = PBXBuildFile; fileRef = 229F95BF293E0B8000F31DF4 /* SceneDelegate.swift */; };
		229F95C2293E0B8000F31DF4 /* ViewController.swift in Sources */ = {isa = PBXBuildFile; fileRef = 229F95C1293E0B8000F31DF4 /* ViewController.swift */; };
		229F95C5293E0B8000F31DF4 /* Main.storyboard in Resources */ = {isa = PBXBuildFile; fileRef = 229F95C3293E0B8000F31DF4 /* Main.storyboard */; };
		229F95C7293E0B8200F31DF4 /* Assets.xcassets in Resources */ = {isa = PBXBuildFile; fileRef = 229F95C6293E0B8200F31DF4 /* Assets.xcassets */; };
		229F95CA293E0B8200F31DF4 /* LaunchScreen.storyboard in Resources */ = {isa = PBXBuildFile; fileRef = 229F95C8293E0B8200F31DF4 /* LaunchScreen.storyboard */; };
		229F95D5293E0B8200F31DF4 /* GithubUserSearchTests.swift in Sources */ = {isa = PBXBuildFile; fileRef = 229F95D4293E0B8200F31DF4 /* GithubUserSearchTests.swift */; };
		229F95DF293E0B8200F31DF4 /* GithubUserSearchUITests.swift in Sources */ = {isa = PBXBuildFile; fileRef = 229F95DE293E0B8200F31DF4 /* GithubUserSearchUITests.swift */; };
		229F95E1293E0B8200F31DF4 /* GithubUserSearchUITestsLaunchTests.swift in Sources */ = {isa = PBXBuildFile; fileRef = 229F95E0293E0B8200F31DF4 /* GithubUserSearchUITestsLaunchTests.swift */; };
		22C0E5B829543F0E00CC77C8 /* SearchViewController.swift in Sources */ = {isa = PBXBuildFile; fileRef = 22C0E5B729543F0E00CC77C8 /* SearchViewController.swift */; };
/* End PBXBuildFile section */

/* Begin PBXContainerItemProxy section */
		229F95D1293E0B8200F31DF4 /* PBXContainerItemProxy */ = {
			isa = PBXContainerItemProxy;
			containerPortal = 229F95B2293E0B8000F31DF4 /* Project object */;
			proxyType = 1;
			remoteGlobalIDString = 229F95B9293E0B8000F31DF4;
			remoteInfo = GithubUserSearch;
		};
		229F95DB293E0B8200F31DF4 /* PBXContainerItemProxy */ = {
			isa = PBXContainerItemProxy;
			containerPortal = 229F95B2293E0B8000F31DF4 /* Project object */;
			proxyType = 1;
			remoteGlobalIDString = 229F95B9293E0B8000F31DF4;
			remoteInfo = GithubUserSearch;
		};
/* End PBXContainerItemProxy section */

/* Begin PBXFileReference section */
		22645D632940951E009EC638 /* SearchResult.swift */ = {isa = PBXFileReference; lastKnownFileType = sourcecode.swift; name = SearchResult.swift; path = Model/SearchResult.swift; sourceTree = "<group>"; };
		22645D6529446599009EC638 /* SearchUserResponse.swift */ = {isa = PBXFileReference; lastKnownFileType = sourcecode.swift; name = SearchUserResponse.swift; path = Model/SearchUserResponse.swift; sourceTree = "<group>"; };
		22645D6729473328009EC638 /* NetworkService.swift */ = {isa = PBXFileReference; lastKnownFileType = sourcecode.swift; name = NetworkService.swift; path = Network/NetworkService.swift; sourceTree = "<group>"; };
		22645D69294A1640009EC638 /* Resource.swift */ = {isa = PBXFileReference; lastKnownFileType = sourcecode.swift; name = Resource.swift; path = Network/Resource.swift; sourceTree = "<group>"; };
		22645D6B294E100D009EC638 /* Publisher+Utils.swift */ = {isa = PBXFileReference; lastKnownFileType = sourcecode.swift; name = "Publisher+Utils.swift"; path = "GithubUserSearch/Utils/Publisher+Utils.swift"; sourceTree = "<group>"; };
		22645D712952DE92009EC638 /* ResultCell.swift */ = {isa = PBXFileReference; lastKnownFileType = sourcecode.swift; name = ResultCell.swift; path = GithubUserSearch/View/ResultCell.swift; sourceTree = "<group>"; };
		229F95BA293E0B8000F31DF4 /* GithubUserSearch.app */ = {isa = PBXFileReference; explicitFileType = wrapper.application; includeInIndex = 0; path = GithubUserSearch.app; sourceTree = BUILT_PRODUCTS_DIR; };
		229F95BD293E0B8000F31DF4 /* AppDelegate.swift */ = {isa = PBXFileReference; lastKnownFileType = sourcecode.swift; path = AppDelegate.swift; sourceTree = "<group>"; };
		229F95BF293E0B8000F31DF4 /* SceneDelegate.swift */ = {isa = PBXFileReference; lastKnownFileType = sourcecode.swift; path = SceneDelegate.swift; sourceTree = "<group>"; };
		229F95C1293E0B8000F31DF4 /* ViewController.swift */ = {isa = PBXFileReference; lastKnownFileType = sourcecode.swift; path = ViewController.swift; sourceTree = "<group>"; };
		229F95C4293E0B8000F31DF4 /* Base */ = {isa = PBXFileReference; lastKnownFileType = file.storyboard; name = Base; path = Base.lproj/Main.storyboard; sourceTree = "<group>"; };
		229F95C6293E0B8200F31DF4 /* Assets.xcassets */ = {isa = PBXFileReference; lastKnownFileType = folder.assetcatalog; path = Assets.xcassets; sourceTree = "<group>"; };
		229F95C9293E0B8200F31DF4 /* Base */ = {isa = PBXFileReference; lastKnownFileType = file.storyboard; name = Base; path = Base.lproj/LaunchScreen.storyboard; sourceTree = "<group>"; };
		229F95CB293E0B8200F31DF4 /* Info.plist */ = {isa = PBXFileReference; lastKnownFileType = text.plist.xml; path = Info.plist; sourceTree = "<group>"; };
		229F95D0293E0B8200F31DF4 /* GithubUserSearchTests.xctest */ = {isa = PBXFileReference; explicitFileType = wrapper.cfbundle; includeInIndex = 0; path = GithubUserSearchTests.xctest; sourceTree = BUILT_PRODUCTS_DIR; };
		229F95D4293E0B8200F31DF4 /* GithubUserSearchTests.swift */ = {isa = PBXFileReference; lastKnownFileType = sourcecode.swift; path = GithubUserSearchTests.swift; sourceTree = "<group>"; };
		229F95DA293E0B8200F31DF4 /* GithubUserSearchUITests.xctest */ = {isa = PBXFileReference; explicitFileType = wrapper.cfbundle; includeInIndex = 0; path = GithubUserSearchUITests.xctest; sourceTree = BUILT_PRODUCTS_DIR; };
		229F95DE293E0B8200F31DF4 /* GithubUserSearchUITests.swift */ = {isa = PBXFileReference; lastKnownFileType = sourcecode.swift; path = GithubUserSearchUITests.swift; sourceTree = "<group>"; };
		229F95E0293E0B8200F31DF4 /* GithubUserSearchUITestsLaunchTests.swift */ = {isa = PBXFileReference; lastKnownFileType = sourcecode.swift; path = GithubUserSearchUITestsLaunchTests.swift; sourceTree = "<group>"; };
		22C0E5B729543F0E00CC77C8 /* SearchViewController.swift */ = {isa = PBXFileReference; lastKnownFileType = sourcecode.swift; name = SearchViewController.swift; path = GithubUserSearch/View/SearchViewController.swift; sourceTree = "<group>"; };
/* End PBXFileReference section */

/* Begin PBXFrameworksBuildPhase section */
		229F95B7293E0B8000F31DF4 /* Frameworks */ = {
			isa = PBXFrameworksBuildPhase;
			buildActionMask = 2147483647;
			files = (
			);
			runOnlyForDeploymentPostprocessing = 0;
		};
		229F95CD293E0B8200F31DF4 /* Frameworks */ = {
			isa = PBXFrameworksBuildPhase;
			buildActionMask = 2147483647;
			files = (
			);
			runOnlyForDeploymentPostprocessing = 0;
		};
		229F95D7293E0B8200F31DF4 /* Frameworks */ = {
			isa = PBXFrameworksBuildPhase;
			buildActionMask = 2147483647;
			files = (
			);
			runOnlyForDeploymentPostprocessing = 0;
		};
/* End PBXFrameworksBuildPhase section */

/* Begin PBXGroup section */
		229F95B1293E0B8000F31DF4 = {
			isa = PBXGroup;
			children = (
				22645D712952DE92009EC638 /* ResultCell.swift */,
				22C0E5B729543F0E00CC77C8 /* SearchViewController.swift */,
				22645D6B294E100D009EC638 /* Publisher+Utils.swift */,
				229F95BC293E0B8000F31DF4 /* GithubUserSearch */,
				229F95D3293E0B8200F31DF4 /* GithubUserSearchTests */,
				229F95DD293E0B8200F31DF4 /* GithubUserSearchUITests */,
				229F95BB293E0B8000F31DF4 /* Products */,
			);
			sourceTree = "<group>";
		};
		229F95BB293E0B8000F31DF4 /* Products */ = {
			isa = PBXGroup;
			children = (
				229F95BA293E0B8000F31DF4 /* GithubUserSearch.app */,
				229F95D0293E0B8200F31DF4 /* GithubUserSearchTests.xctest */,
				229F95DA293E0B8200F31DF4 /* GithubUserSearchUITests.xctest */,
			);
			name = Products;
			sourceTree = "<group>";
		};
		229F95BC293E0B8000F31DF4 /* GithubUserSearch */ = {
			isa = PBXGroup;
			children = (
				229F95BD293E0B8000F31DF4 /* AppDelegate.swift */,
				229F95BF293E0B8000F31DF4 /* SceneDelegate.swift */,
				229F95C1293E0B8000F31DF4 /* ViewController.swift */,
				229F95C3293E0B8000F31DF4 /* Main.storyboard */,
				22645D632940951E009EC638 /* SearchResult.swift */,
				22645D6729473328009EC638 /* NetworkService.swift */,
				22645D69294A1640009EC638 /* Resource.swift */,
				22645D6529446599009EC638 /* SearchUserResponse.swift */,
				229F95C6293E0B8200F31DF4 /* Assets.xcassets */,
				229F95C8293E0B8200F31DF4 /* LaunchScreen.storyboard */,
				229F95CB293E0B8200F31DF4 /* Info.plist */,
			);
			path = GithubUserSearch;
			sourceTree = "<group>";
		};
		229F95D3293E0B8200F31DF4 /* GithubUserSearchTests */ = {
			isa = PBXGroup;
			children = (
				229F95D4293E0B8200F31DF4 /* GithubUserSearchTests.swift */,
			);
			path = GithubUserSearchTests;
			sourceTree = "<group>";
		};
		229F95DD293E0B8200F31DF4 /* GithubUserSearchUITests */ = {
			isa = PBXGroup;
			children = (
				229F95DE293E0B8200F31DF4 /* GithubUserSearchUITests.swift */,
				229F95E0293E0B8200F31DF4 /* GithubUserSearchUITestsLaunchTests.swift */,
			);
			path = GithubUserSearchUITests;
			sourceTree = "<group>";
		};
/* End PBXGroup section */

/* Begin PBXNativeTarget section */
		229F95B9293E0B8000F31DF4 /* GithubUserSearch */ = {
			isa = PBXNativeTarget;
			buildConfigurationList = 229F95E4293E0B8200F31DF4 /* Build configuration list for PBXNativeTarget "GithubUserSearch" */;
			buildPhases = (
				229F95B6293E0B8000F31DF4 /* Sources */,
				229F95B7293E0B8000F31DF4 /* Frameworks */,
				229F95B8293E0B8000F31DF4 /* Resources */,
			);
			buildRules = (
			);
			dependencies = (
			);
			name = GithubUserSearch;
			productName = GithubUserSearch;
			productReference = 229F95BA293E0B8000F31DF4 /* GithubUserSearch.app */;
			productType = "com.apple.product-type.application";
		};
		229F95CF293E0B8200F31DF4 /* GithubUserSearchTests */ = {
			isa = PBXNativeTarget;
			buildConfigurationList = 229F95E7293E0B8200F31DF4 /* Build configuration list for PBXNativeTarget "GithubUserSearchTests" */;
			buildPhases = (
				229F95CC293E0B8200F31DF4 /* Sources */,
				229F95CD293E0B8200F31DF4 /* Frameworks */,
				229F95CE293E0B8200F31DF4 /* Resources */,
			);
			buildRules = (
			);
			dependencies = (
				229F95D2293E0B8200F31DF4 /* PBXTargetDependency */,
			);
			name = GithubUserSearchTests;
			productName = GithubUserSearchTests;
			productReference = 229F95D0293E0B8200F31DF4 /* GithubUserSearchTests.xctest */;
			productType = "com.apple.product-type.bundle.unit-test";
		};
		229F95D9293E0B8200F31DF4 /* GithubUserSearchUITests */ = {
			isa = PBXNativeTarget;
			buildConfigurationList = 229F95EA293E0B8200F31DF4 /* Build configuration list for PBXNativeTarget "GithubUserSearchUITests" */;
			buildPhases = (
				229F95D6293E0B8200F31DF4 /* Sources */,
				229F95D7293E0B8200F31DF4 /* Frameworks */,
				229F95D8293E0B8200F31DF4 /* Resources */,
			);
			buildRules = (
			);
			dependencies = (
				229F95DC293E0B8200F31DF4 /* PBXTargetDependency */,
			);
			name = GithubUserSearchUITests;
			productName = GithubUserSearchUITests;
			productReference = 229F95DA293E0B8200F31DF4 /* GithubUserSearchUITests.xctest */;
			productType = "com.apple.product-type.bundle.ui-testing";
		};
/* End PBXNativeTarget section */

/* Begin PBXProject section */
		229F95B2293E0B8000F31DF4 /* Project object */ = {
			isa = PBXProject;
			attributes = {
				BuildIndependentTargetsInParallel = 1;
				LastSwiftUpdateCheck = 1410;
				LastUpgradeCheck = 1410;
				TargetAttributes = {
					229F95B9293E0B8000F31DF4 = {
						CreatedOnToolsVersion = 14.1;
					};
					229F95CF293E0B8200F31DF4 = {
						CreatedOnToolsVersion = 14.1;
						TestTargetID = 229F95B9293E0B8000F31DF4;
					};
					229F95D9293E0B8200F31DF4 = {
						CreatedOnToolsVersion = 14.1;
						TestTargetID = 229F95B9293E0B8000F31DF4;
					};
				};
			};
			buildConfigurationList = 229F95B5293E0B8000F31DF4 /* Build configuration list for PBXProject "GithubUserSearch" */;
			compatibilityVersion = "Xcode 14.0";
			developmentRegion = en;
			hasScannedForEncodings = 0;
			knownRegions = (
				en,
				Base,
			);
			mainGroup = 229F95B1293E0B8000F31DF4;
			productRefGroup = 229F95BB293E0B8000F31DF4 /* Products */;
			projectDirPath = "";
			projectRoot = "";
			targets = (
				229F95B9293E0B8000F31DF4 /* GithubUserSearch */,
				229F95CF293E0B8200F31DF4 /* GithubUserSearchTests */,
				229F95D9293E0B8200F31DF4 /* GithubUserSearchUITests */,
			);
		};
/* End PBXProject section */

/* Begin PBXResourcesBuildPhase section */
		229F95B8293E0B8000F31DF4 /* Resources */ = {
			isa = PBXResourcesBuildPhase;
			buildActionMask = 2147483647;
			files = (
				229F95CA293E0B8200F31DF4 /* LaunchScreen.storyboard in Resources */,
				229F95C7293E0B8200F31DF4 /* Assets.xcassets in Resources */,
				229F95C5293E0B8000F31DF4 /* Main.storyboard in Resources */,
			);
			runOnlyForDeploymentPostprocessing = 0;
		};
		229F95CE293E0B8200F31DF4 /* Resources */ = {
			isa = PBXResourcesBuildPhase;
			buildActionMask = 2147483647;
			files = (
			);
			runOnlyForDeploymentPostprocessing = 0;
		};
		229F95D8293E0B8200F31DF4 /* Resources */ = {
			isa = PBXResourcesBuildPhase;
			buildActionMask = 2147483647;
			files = (
			);
			runOnlyForDeploymentPostprocessing = 0;
		};
/* End PBXResourcesBuildPhase section */

/* Begin PBXSourcesBuildPhase section */
		229F95B6293E0B8000F31DF4 /* Sources */ = {
			isa = PBXSourcesBuildPhase;
			buildActionMask = 2147483647;
			files = (
				22C0E5B829543F0E00CC77C8 /* SearchViewController.swift in Sources */,
				229F95C2293E0B8000F31DF4 /* ViewController.swift in Sources */,
				229F95BE293E0B8000F31DF4 /* AppDelegate.swift in Sources */,
				22645D6C294E100D009EC638 /* Publisher+Utils.swift in Sources */,
				22645D6629446599009EC638 /* SearchUserResponse.swift in Sources */,
				22645D642940951E009EC638 /* SearchResult.swift in Sources */,
				22645D6829473328009EC638 /* NetworkService.swift in Sources */,
				229F95C0293E0B8000F31DF4 /* SceneDelegate.swift in Sources */,
				22645D722952DE92009EC638 /* ResultCell.swift in Sources */,
				22645D6A294A1640009EC638 /* Resource.swift in Sources */,
			);
			runOnlyForDeploymentPostprocessing = 0;
		};
		229F95CC293E0B8200F31DF4 /* Sources */ = {
			isa = PBXSourcesBuildPhase;
			buildActionMask = 2147483647;
			files = (
				229F95D5293E0B8200F31DF4 /* GithubUserSearchTests.swift in Sources */,
			);
			runOnlyForDeploymentPostprocessing = 0;
		};
		229F95D6293E0B8200F31DF4 /* Sources */ = {
			isa = PBXSourcesBuildPhase;
			buildActionMask = 2147483647;
			files = (
				229F95E1293E0B8200F31DF4 /* GithubUserSearchUITestsLaunchTests.swift in Sources */,
				229F95DF293E0B8200F31DF4 /* GithubUserSearchUITests.swift in Sources */,
			);
			runOnlyForDeploymentPostprocessing = 0;
		};
/* End PBXSourcesBuildPhase section */

/* Begin PBXTargetDependency section */
		229F95D2293E0B8200F31DF4 /* PBXTargetDependency */ = {
			isa = PBXTargetDependency;
			target = 229F95B9293E0B8000F31DF4 /* GithubUserSearch */;
			targetProxy = 229F95D1293E0B8200F31DF4 /* PBXContainerItemProxy */;
		};
		229F95DC293E0B8200F31DF4 /* PBXTargetDependency */ = {
			isa = PBXTargetDependency;
			target = 229F95B9293E0B8000F31DF4 /* GithubUserSearch */;
			targetProxy = 229F95DB293E0B8200F31DF4 /* PBXContainerItemProxy */;
		};
/* End PBXTargetDependency section */

/* Begin PBXVariantGroup section */
		229F95C3293E0B8000F31DF4 /* Main.storyboard */ = {
			isa = PBXVariantGroup;
			children = (
				229F95C4293E0B8000F31DF4 /* Base */,
			);
			name = Main.storyboard;
			sourceTree = "<group>";
		};
		229F95C8293E0B8200F31DF4 /* LaunchScreen.storyboard */ = {
			isa = PBXVariantGroup;
			children = (
				229F95C9293E0B8200F31DF4 /* Base */,
			);
			name = LaunchScreen.storyboard;
			sourceTree = "<group>";
		};
/* End PBXVariantGroup section */

/* Begin XCBuildConfiguration section */
		229F95E2293E0B8200F31DF4 /* Debug */ = {
			isa = XCBuildConfiguration;
			buildSettings = {
				ALWAYS_SEARCH_USER_PATHS = NO;
				CLANG_ANALYZER_NONNULL = YES;
				CLANG_ANALYZER_NUMBER_OBJECT_CONVERSION = YES_AGGRESSIVE;
				CLANG_CXX_LANGUAGE_STANDARD = "gnu++20";
				CLANG_ENABLE_MODULES = YES;
				CLANG_ENABLE_OBJC_ARC = YES;
				CLANG_ENABLE_OBJC_WEAK = YES;
				CLANG_WARN_BLOCK_CAPTURE_AUTORELEASING = YES;
				CLANG_WARN_BOOL_CONVERSION = YES;
				CLANG_WARN_COMMA = YES;
				CLANG_WARN_CONSTANT_CONVERSION = YES;
				CLANG_WARN_DEPRECATED_OBJC_IMPLEMENTATIONS = YES;
				CLANG_WARN_DIRECT_OBJC_ISA_USAGE = YES_ERROR;
				CLANG_WARN_DOCUMENTATION_COMMENTS = YES;
				CLANG_WARN_EMPTY_BODY = YES;
				CLANG_WARN_ENUM_CONVERSION = YES;
				CLANG_WARN_INFINITE_RECURSION = YES;
				CLANG_WARN_INT_CONVERSION = YES;
				CLANG_WARN_NON_LITERAL_NULL_CONVERSION = YES;
				CLANG_WARN_OBJC_IMPLICIT_RETAIN_SELF = YES;
				CLANG_WARN_OBJC_LITERAL_CONVERSION = YES;
				CLANG_WARN_OBJC_ROOT_CLASS = YES_ERROR;
				CLANG_WARN_QUOTED_INCLUDE_IN_FRAMEWORK_HEADER = YES;
				CLANG_WARN_RANGE_LOOP_ANALYSIS = YES;
				CLANG_WARN_STRICT_PROTOTYPES = YES;
				CLANG_WARN_SUSPICIOUS_MOVE = YES;
				CLANG_WARN_UNGUARDED_AVAILABILITY = YES_AGGRESSIVE;
				CLANG_WARN_UNREACHABLE_CODE = YES;
				CLANG_WARN__DUPLICATE_METHOD_MATCH = YES;
				COPY_PHASE_STRIP = NO;
				DEBUG_INFORMATION_FORMAT = dwarf;
				ENABLE_STRICT_OBJC_MSGSEND = YES;
				ENABLE_TESTABILITY = YES;
				GCC_C_LANGUAGE_STANDARD = gnu11;
				GCC_DYNAMIC_NO_PIC = NO;
				GCC_NO_COMMON_BLOCKS = YES;
				GCC_OPTIMIZATION_LEVEL = 0;
				GCC_PREPROCESSOR_DEFINITIONS = (
					"DEBUG=1",
					"$(inherited)",
				);
				GCC_WARN_64_TO_32_BIT_CONVERSION = YES;
				GCC_WARN_ABOUT_RETURN_TYPE = YES_ERROR;
				GCC_WARN_UNDECLARED_SELECTOR = YES;
				GCC_WARN_UNINITIALIZED_AUTOS = YES_AGGRESSIVE;
				GCC_WARN_UNUSED_FUNCTION = YES;
				GCC_WARN_UNUSED_VARIABLE = YES;
				IPHONEOS_DEPLOYMENT_TARGET = 16.1;
				MTL_ENABLE_DEBUG_INFO = INCLUDE_SOURCE;
				MTL_FAST_MATH = YES;
				ONLY_ACTIVE_ARCH = YES;
				SDKROOT = iphoneos;
				SWIFT_ACTIVE_COMPILATION_CONDITIONS = DEBUG;
				SWIFT_OPTIMIZATION_LEVEL = "-Onone";
			};
			name = Debug;
		};
		229F95E3293E0B8200F31DF4 /* Release */ = {
			isa = XCBuildConfiguration;
			buildSettings = {
				ALWAYS_SEARCH_USER_PATHS = NO;
				CLANG_ANALYZER_NONNULL = YES;
				CLANG_ANALYZER_NUMBER_OBJECT_CONVERSION = YES_AGGRESSIVE;
				CLANG_CXX_LANGUAGE_STANDARD = "gnu++20";
				CLANG_ENABLE_MODULES = YES;
				CLANG_ENABLE_OBJC_ARC = YES;
				CLANG_ENABLE_OBJC_WEAK = YES;
				CLANG_WARN_BLOCK_CAPTURE_AUTORELEASING = YES;
				CLANG_WARN_BOOL_CONVERSION = YES;
				CLANG_WARN_COMMA = YES;
				CLANG_WARN_CONSTANT_CONVERSION = YES;
				CLANG_WARN_DEPRECATED_OBJC_IMPLEMENTATIONS = YES;
				CLANG_WARN_DIRECT_OBJC_ISA_USAGE = YES_ERROR;
				CLANG_WARN_DOCUMENTATION_COMMENTS = YES;
				CLANG_WARN_EMPTY_BODY = YES;
				CLANG_WARN_ENUM_CONVERSION = YES;
				CLANG_WARN_INFINITE_RECURSION = YES;
				CLANG_WARN_INT_CONVERSION = YES;
				CLANG_WARN_NON_LITERAL_NULL_CONVERSION = YES;
				CLANG_WARN_OBJC_IMPLICIT_RETAIN_SELF = YES;
				CLANG_WARN_OBJC_LITERAL_CONVERSION = YES;
				CLANG_WARN_OBJC_ROOT_CLASS = YES_ERROR;
				CLANG_WARN_QUOTED_INCLUDE_IN_FRAMEWORK_HEADER = YES;
				CLANG_WARN_RANGE_LOOP_ANALYSIS = YES;
				CLANG_WARN_STRICT_PROTOTYPES = YES;
				CLANG_WARN_SUSPICIOUS_MOVE = YES;
				CLANG_WARN_UNGUARDED_AVAILABILITY = YES_AGGRESSIVE;
				CLANG_WARN_UNREACHABLE_CODE = YES;
				CLANG_WARN__DUPLICATE_METHOD_MATCH = YES;
				COPY_PHASE_STRIP = NO;
				DEBUG_INFORMATION_FORMAT = "dwarf-with-dsym";
				ENABLE_NS_ASSERTIONS = NO;
				ENABLE_STRICT_OBJC_MSGSEND = YES;
				GCC_C_LANGUAGE_STANDARD = gnu11;
				GCC_NO_COMMON_BLOCKS = YES;
				GCC_WARN_64_TO_32_BIT_CONVERSION = YES;
				GCC_WARN_ABOUT_RETURN_TYPE = YES_ERROR;
				GCC_WARN_UNDECLARED_SELECTOR = YES;
				GCC_WARN_UNINITIALIZED_AUTOS = YES_AGGRESSIVE;
				GCC_WARN_UNUSED_FUNCTION = YES;
				GCC_WARN_UNUSED_VARIABLE = YES;
				IPHONEOS_DEPLOYMENT_TARGET = 16.1;
				MTL_ENABLE_DEBUG_INFO = NO;
				MTL_FAST_MATH = YES;
				SDKROOT = iphoneos;
				SWIFT_COMPILATION_MODE = wholemodule;
				SWIFT_OPTIMIZATION_LEVEL = "-O";
				VALIDATE_PRODUCT = YES;
			};
			name = Release;
		};
		229F95E5293E0B8200F31DF4 /* Debug */ = {
			isa = XCBuildConfiguration;
			buildSettings = {
				ASSETCATALOG_COMPILER_APPICON_NAME = AppIcon;
				ASSETCATALOG_COMPILER_GLOBAL_ACCENT_COLOR_NAME = AccentColor;
				CODE_SIGN_STYLE = Automatic;
				CURRENT_PROJECT_VERSION = 1;
				DEVELOPMENT_TEAM = 4B4GS7DA5N;
				GENERATE_INFOPLIST_FILE = YES;
				INFOPLIST_FILE = GithubUserSearch/Info.plist;
				INFOPLIST_KEY_UIApplicationSupportsIndirectInputEvents = YES;
				INFOPLIST_KEY_UILaunchStoryboardName = LaunchScreen;
				INFOPLIST_KEY_UIMainStoryboardFile = Main;
				INFOPLIST_KEY_UISupportedInterfaceOrientations_iPad = "UIInterfaceOrientationPortrait UIInterfaceOrientationPortraitUpsideDown UIInterfaceOrientationLandscapeLeft UIInterfaceOrientationLandscapeRight";
				INFOPLIST_KEY_UISupportedInterfaceOrientations_iPhone = "UIInterfaceOrientationPortrait UIInterfaceOrientationLandscapeLeft UIInterfaceOrientationLandscapeRight";
				LD_RUNPATH_SEARCH_PATHS = (
					"$(inherited)",
					"@executable_path/Frameworks",
				);
				MARKETING_VERSION = 1.0;
				PRODUCT_BUNDLE_IDENTIFIER = com.nowwan.GithubUserSearch;
				PRODUCT_NAME = "$(TARGET_NAME)";
				SWIFT_EMIT_LOC_STRINGS = YES;
				SWIFT_VERSION = 5.0;
				TARGETED_DEVICE_FAMILY = "1,2";
			};
			name = Debug;
		};
		229F95E6293E0B8200F31DF4 /* Release */ = {
			isa = XCBuildConfiguration;
			buildSettings = {
				ASSETCATALOG_COMPILER_APPICON_NAME = AppIcon;
				ASSETCATALOG_COMPILER_GLOBAL_ACCENT_COLOR_NAME = AccentColor;
				CODE_SIGN_STYLE = Automatic;
				CURRENT_PROJECT_VERSION = 1;
				DEVELOPMENT_TEAM = 4B4GS7DA5N;
				GENERATE_INFOPLIST_FILE = YES;
				INFOPLIST_FILE = GithubUserSearch/Info.plist;
				INFOPLIST_KEY_UIApplicationSupportsIndirectInputEvents = YES;
				INFOPLIST_KEY_UILaunchStoryboardName = LaunchScreen;
				INFOPLIST_KEY_UIMainStoryboardFile = Main;
				INFOPLIST_KEY_UISupportedInterfaceOrientations_iPad = "UIInterfaceOrientationPortrait UIInterfaceOrientationPortraitUpsideDown UIInterfaceOrientationLandscapeLeft UIInterfaceOrientationLandscapeRight";
				INFOPLIST_KEY_UISupportedInterfaceOrientations_iPhone = "UIInterfaceOrientationPortrait UIInterfaceOrientationLandscapeLeft UIInterfaceOrientationLandscapeRight";
				LD_RUNPATH_SEARCH_PATHS = (
					"$(inherited)",
					"@executable_path/Frameworks",
				);
				MARKETING_VERSION = 1.0;
				PRODUCT_BUNDLE_IDENTIFIER = com.nowwan.GithubUserSearch;
				PRODUCT_NAME = "$(TARGET_NAME)";
				SWIFT_EMIT_LOC_STRINGS = YES;
				SWIFT_VERSION = 5.0;
				TARGETED_DEVICE_FAMILY = "1,2";
			};
			name = Release;
		};
		229F95E8293E0B8200F31DF4 /* Debug */ = {
			isa = XCBuildConfiguration;
			buildSettings = {
				ALWAYS_EMBED_SWIFT_STANDARD_LIBRARIES = YES;
				BUNDLE_LOADER = "$(TEST_HOST)";
				CODE_SIGN_STYLE = Automatic;
				CURRENT_PROJECT_VERSION = 1;
				DEVELOPMENT_TEAM = 4B4GS7DA5N;
				GENERATE_INFOPLIST_FILE = YES;
				IPHONEOS_DEPLOYMENT_TARGET = 16.1;
				MARKETING_VERSION = 1.0;
				PRODUCT_BUNDLE_IDENTIFIER = com.nowwan.GithubUserSearchTests;
				PRODUCT_NAME = "$(TARGET_NAME)";
				SWIFT_EMIT_LOC_STRINGS = NO;
				SWIFT_VERSION = 5.0;
				TARGETED_DEVICE_FAMILY = "1,2";
				TEST_HOST = "$(BUILT_PRODUCTS_DIR)/GithubUserSearch.app/$(BUNDLE_EXECUTABLE_FOLDER_PATH)/GithubUserSearch";
			};
			name = Debug;
		};
		229F95E9293E0B8200F31DF4 /* Release */ = {
			isa = XCBuildConfiguration;
			buildSettings = {
				ALWAYS_EMBED_SWIFT_STANDARD_LIBRARIES = YES;
				BUNDLE_LOADER = "$(TEST_HOST)";
				CODE_SIGN_STYLE = Automatic;
				CURRENT_PROJECT_VERSION = 1;
				DEVELOPMENT_TEAM = 4B4GS7DA5N;
				GENERATE_INFOPLIST_FILE = YES;
				IPHONEOS_DEPLOYMENT_TARGET = 16.1;
				MARKETING_VERSION = 1.0;
				PRODUCT_BUNDLE_IDENTIFIER = com.nowwan.GithubUserSearchTests;
				PRODUCT_NAME = "$(TARGET_NAME)";
				SWIFT_EMIT_LOC_STRINGS = NO;
				SWIFT_VERSION = 5.0;
				TARGETED_DEVICE_FAMILY = "1,2";
				TEST_HOST = "$(BUILT_PRODUCTS_DIR)/GithubUserSearch.app/$(BUNDLE_EXECUTABLE_FOLDER_PATH)/GithubUserSearch";
			};
			name = Release;
		};
		229F95EB293E0B8200F31DF4 /* Debug */ = {
			isa = XCBuildConfiguration;
			buildSettings = {
				ALWAYS_EMBED_SWIFT_STANDARD_LIBRARIES = YES;
				CODE_SIGN_STYLE = Automatic;
				CURRENT_PROJECT_VERSION = 1;
				DEVELOPMENT_TEAM = 4B4GS7DA5N;
				GENERATE_INFOPLIST_FILE = YES;
				MARKETING_VERSION = 1.0;
				PRODUCT_BUNDLE_IDENTIFIER = com.nowwan.GithubUserSearchUITests;
				PRODUCT_NAME = "$(TARGET_NAME)";
				SWIFT_EMIT_LOC_STRINGS = NO;
				SWIFT_VERSION = 5.0;
				TARGETED_DEVICE_FAMILY = "1,2";
				TEST_TARGET_NAME = GithubUserSearch;
			};
			name = Debug;
		};
		229F95EC293E0B8200F31DF4 /* Release */ = {
			isa = XCBuildConfiguration;
			buildSettings = {
				ALWAYS_EMBED_SWIFT_STANDARD_LIBRARIES = YES;
				CODE_SIGN_STYLE = Automatic;
				CURRENT_PROJECT_VERSION = 1;
				DEVELOPMENT_TEAM = 4B4GS7DA5N;
				GENERATE_INFOPLIST_FILE = YES;
				MARKETING_VERSION = 1.0;
				PRODUCT_BUNDLE_IDENTIFIER = com.nowwan.GithubUserSearchUITests;
				PRODUCT_NAME = "$(TARGET_NAME)";
				SWIFT_EMIT_LOC_STRINGS = NO;
				SWIFT_VERSION = 5.0;
				TARGETED_DEVICE_FAMILY = "1,2";
				TEST_TARGET_NAME = GithubUserSearch;
			};
			name = Release;
		};
/* End XCBuildConfiguration section */

/* Begin XCConfigurationList section */
		229F95B5293E0B8000F31DF4 /* Build configuration list for PBXProject "GithubUserSearch" */ = {
			isa = XCConfigurationList;
			buildConfigurations = (
				229F95E2293E0B8200F31DF4 /* Debug */,
				229F95E3293E0B8200F31DF4 /* Release */,
			);
			defaultConfigurationIsVisible = 0;
			defaultConfigurationName = Release;
		};
		229F95E4293E0B8200F31DF4 /* Build configuration list for PBXNativeTarget "GithubUserSearch" */ = {
			isa = XCConfigurationList;
			buildConfigurations = (
				229F95E5293E0B8200F31DF4 /* Debug */,
				229F95E6293E0B8200F31DF4 /* Release */,
			);
			defaultConfigurationIsVisible = 0;
			defaultConfigurationName = Release;
		};
		229F95E7293E0B8200F31DF4 /* Build configuration list for PBXNativeTarget "GithubUserSearchTests" */ = {
			isa = XCConfigurationList;
			buildConfigurations = (
				229F95E8293E0B8200F31DF4 /* Debug */,
				229F95E9293E0B8200F31DF4 /* Release */,
			);
			defaultConfigurationIsVisible = 0;
			defaultConfigurationName = Release;
		};
		229F95EA293E0B8200F31DF4 /* Build configuration list for PBXNativeTarget "GithubUserSearchUITests" */ = {
			isa = XCConfigurationList;
			buildConfigurations = (
				229F95EB293E0B8200F31DF4 /* Debug */,
				229F95EC293E0B8200F31DF4 /* Release */,
			);
			defaultConfigurationIsVisible = 0;
			defaultConfigurationName = Release;
		};
/* End XCConfigurationList section */
	};
	rootObject = 229F95B2293E0B8000F31DF4 /* Project object */;
}
